// !$*UTF8*$!
{
	archiveVersion = 1;
	classes = {
	};
	objectVersion = 55;
	objects = {

/* Begin PBXBuildFile section */
		BC05F46528DC9F180034A90E /* CoreDataManagerMock.swift in Sources */ = {isa = PBXBuildFile; fileRef = BC05F46428DC9F180034A90E /* CoreDataManagerMock.swift */; };
		BC13DE8628E7448B0086DB48 /* MapScreenPresenterTests.swift in Sources */ = {isa = PBXBuildFile; fileRef = BC13DE8528E7448B0086DB48 /* MapScreenPresenterTests.swift */; };
		BC13DE8828E773230086DB48 /* CoreDataManagerTests.swift in Sources */ = {isa = PBXBuildFile; fileRef = BC13DE8728E773230086DB48 /* CoreDataManagerTests.swift */; };
		BC21B8D12902D52500A9C418 /* DIContainer.swift in Sources */ = {isa = PBXBuildFile; fileRef = BC21B8D02902D52500A9C418 /* DIContainer.swift */; };
		BC25E88128BACF8700F5107D /* CustomTextField.swift in Sources */ = {isa = PBXBuildFile; fileRef = BC25E88028BACF8700F5107D /* CustomTextField.swift */; };
		BC2B80E128D3643E00E837A6 /* CredentialsVC.swift in Sources */ = {isa = PBXBuildFile; fileRef = BC2B80E028D3643E00E837A6 /* CredentialsVC.swift */; };
		BC2B80E328D36AAE00E837A6 /* CredentialsPresenter.swift in Sources */ = {isa = PBXBuildFile; fileRef = BC2B80E228D36AAE00E837A6 /* CredentialsPresenter.swift */; };
		BC2FC42428D49903006A7D71 /* LogoLabel.swift in Sources */ = {isa = PBXBuildFile; fileRef = BC2FC42328D49903006A7D71 /* LogoLabel.swift */; };
		BC2FC42628D4BF0F006A7D71 /* PasswordValidator.swift in Sources */ = {isa = PBXBuildFile; fileRef = BC2FC42528D4BF0F006A7D71 /* PasswordValidator.swift */; };
		BC2FC43528D4D991006A7D71 /* PasswordValidatorTests.swift in Sources */ = {isa = PBXBuildFile; fileRef = BC2FC43428D4D991006A7D71 /* PasswordValidatorTests.swift */; };
		BC2FC43728D77DC5006A7D71 /* CredentialsPresenterTests.swift in Sources */ = {isa = PBXBuildFile; fileRef = BC2FC43628D77DC5006A7D71 /* CredentialsPresenterTests.swift */; };
		BC2FC43928D77FAA006A7D71 /* InitialPresenterTests.swift in Sources */ = {isa = PBXBuildFile; fileRef = BC2FC43828D77FAA006A7D71 /* InitialPresenterTests.swift */; };
		BC2FC43B28D87807006A7D71 /* NetworkManagerMock.swift in Sources */ = {isa = PBXBuildFile; fileRef = BC2FC43A28D87807006A7D71 /* NetworkManagerMock.swift */; };
		BC4A983A28F19E3500172878 /* TermsAndConditionsVC.swift in Sources */ = {isa = PBXBuildFile; fileRef = BC4A983928F19E3500172878 /* TermsAndConditionsVC.swift */; };
		BC63E96428E0847A00A97DF9 /* InitialVCTests.swift in Sources */ = {isa = PBXBuildFile; fileRef = BC63E96328E0847A00A97DF9 /* InitialVCTests.swift */; };
		BC63E96E28E0BAAF00A97DF9 /* InitialCellTests.swift in Sources */ = {isa = PBXBuildFile; fileRef = BC63E96D28E0BAAF00A97DF9 /* InitialCellTests.swift */; };
		BC63E97128E1BDC100A97DF9 /* NetworkManagerTests.swift in Sources */ = {isa = PBXBuildFile; fileRef = BC63E97028E1BDC100A97DF9 /* NetworkManagerTests.swift */; };
		BC6A777328A53F7A00E0AD8D /* AppDelegate.swift in Sources */ = {isa = PBXBuildFile; fileRef = BC6A777228A53F7A00E0AD8D /* AppDelegate.swift */; };
		BC6A777528A53F7A00E0AD8D /* SceneDelegate.swift in Sources */ = {isa = PBXBuildFile; fileRef = BC6A777428A53F7A00E0AD8D /* SceneDelegate.swift */; };
		BC6A777C28A53F7D00E0AD8D /* Assets.xcassets in Resources */ = {isa = PBXBuildFile; fileRef = BC6A777B28A53F7D00E0AD8D /* Assets.xcassets */; };
		BC6A777F28A53F7D00E0AD8D /* LaunchScreen.storyboard in Resources */ = {isa = PBXBuildFile; fileRef = BC6A777D28A53F7D00E0AD8D /* LaunchScreen.storyboard */; };
		BC6A77A328A53FC800E0AD8D /* InitialVC.swift in Sources */ = {isa = PBXBuildFile; fileRef = BC6A77A228A53FC800E0AD8D /* InitialVC.swift */; };
		BC6A77A528A54D6500E0AD8D /* InitialPresenter.swift in Sources */ = {isa = PBXBuildFile; fileRef = BC6A77A428A54D6500E0AD8D /* InitialPresenter.swift */; };
		BC6A77AD28A5523700E0AD8D /* Users.swift in Sources */ = {isa = PBXBuildFile; fileRef = BC6A77AC28A5523700E0AD8D /* Users.swift */; };
		BC6A77B028A55C8C00E0AD8D /* UIView+Ext.swift in Sources */ = {isa = PBXBuildFile; fileRef = BC6A77AF28A55C8C00E0AD8D /* UIView+Ext.swift */; };
		BC6A77B328A64E0700E0AD8D /* InitialCell.swift in Sources */ = {isa = PBXBuildFile; fileRef = BC6A77B228A64E0700E0AD8D /* InitialCell.swift */; };
		BC6A77B728A650F200E0AD8D /* CustomLabel.swift in Sources */ = {isa = PBXBuildFile; fileRef = BC6A77B628A650F200E0AD8D /* CustomLabel.swift */; };
		BC6A77BA28A7DC0200E0AD8D /* NetworkManager.swift in Sources */ = {isa = PBXBuildFile; fileRef = BC6A77B928A7DC0200E0AD8D /* NetworkManager.swift */; };
		BC6A77BD28A7EBCC00E0AD8D /* Constants.swift in Sources */ = {isa = PBXBuildFile; fileRef = BC6A77BC28A7EBCC00E0AD8D /* Constants.swift */; };
		BC6A77D028A9422800E0AD8D /* MapScreenVC.swift in Sources */ = {isa = PBXBuildFile; fileRef = BC6A77CF28A9422800E0AD8D /* MapScreenVC.swift */; };
		BC6A77D228A95EE800E0AD8D /* MapScreenPresenter.swift in Sources */ = {isa = PBXBuildFile; fileRef = BC6A77D128A95EE800E0AD8D /* MapScreenPresenter.swift */; };
		BC6A77D628AC1F2E00E0AD8D /* Coordinator.swift in Sources */ = {isa = PBXBuildFile; fileRef = BC6A77D528AC1F2E00E0AD8D /* Coordinator.swift */; };
		BC7363EE28B0D94A00F6BFF3 /* String+Ext.swift in Sources */ = {isa = PBXBuildFile; fileRef = BC7363ED28B0D94A00F6BFF3 /* String+Ext.swift */; };
		BC73640328B50AB000F6BFF3 /* AlertVC.swift in Sources */ = {isa = PBXBuildFile; fileRef = BC73640228B50AB000F6BFF3 /* AlertVC.swift */; };
		BC73640628B50B3900F6BFF3 /* CustomButton.swift in Sources */ = {isa = PBXBuildFile; fileRef = BC73640528B50B3900F6BFF3 /* CustomButton.swift */; };
		BC73640928B5166E00F6BFF3 /* UIViewController+Ext.swift in Sources */ = {isa = PBXBuildFile; fileRef = BC73640828B5166E00F6BFF3 /* UIViewController+Ext.swift */; };
		BC73640B28B53DF200F6BFF3 /* CustomError.swift in Sources */ = {isa = PBXBuildFile; fileRef = BC73640A28B53DF200F6BFF3 /* CustomError.swift */; };
		BC73643128B64CB900F6BFF3 /* CoreDataManager.swift in Sources */ = {isa = PBXBuildFile; fileRef = BC73643028B64CB900F6BFF3 /* CoreDataManager.swift */; };
		BC87A0DB28B6580F00829E6F /* UserModel.xcdatamodeld in Sources */ = {isa = PBXBuildFile; fileRef = BC87A0D928B6580F00829E6F /* UserModel.xcdatamodeld */; };
		BC87A0DE28B6587700829E6F /* UserModel+CoreDataClass.swift in Sources */ = {isa = PBXBuildFile; fileRef = BC87A0DC28B6587700829E6F /* UserModel+CoreDataClass.swift */; };
		BC87A0DF28B6587700829E6F /* UserModel+CoreDataProperties.swift in Sources */ = {isa = PBXBuildFile; fileRef = BC87A0DD28B6587700829E6F /* UserModel+CoreDataProperties.swift */; };
		BCE36F2129097F6900B1C0BF /* CustomTextView.swift in Sources */ = {isa = PBXBuildFile; fileRef = BCE36F2029097F6900B1C0BF /* CustomTextView.swift */; };
/* End PBXBuildFile section */

/* Begin PBXContainerItemProxy section */
		BC2FC42F28D4C61A006A7D71 /* PBXContainerItemProxy */ = {
			isa = PBXContainerItemProxy;
			containerPortal = BC6A776728A53F7900E0AD8D /* Project object */;
			proxyType = 1;
			remoteGlobalIDString = BC6A776E28A53F7A00E0AD8D;
			remoteInfo = "MVP+Tests";
		};
		BC6A778628A53F7D00E0AD8D /* PBXContainerItemProxy */ = {
			isa = PBXContainerItemProxy;
			containerPortal = BC6A776728A53F7900E0AD8D /* Project object */;
			proxyType = 1;
			remoteGlobalIDString = BC6A776E28A53F7A00E0AD8D;
			remoteInfo = "MVP+Tests";
		};
		BC6A779028A53F7D00E0AD8D /* PBXContainerItemProxy */ = {
			isa = PBXContainerItemProxy;
			containerPortal = BC6A776728A53F7900E0AD8D /* Project object */;
			proxyType = 1;
			remoteGlobalIDString = BC6A776E28A53F7A00E0AD8D;
			remoteInfo = "MVP+Tests";
		};
/* End PBXContainerItemProxy section */

/* Begin PBXFileReference section */
		BC05F46428DC9F180034A90E /* CoreDataManagerMock.swift */ = {isa = PBXFileReference; lastKnownFileType = sourcecode.swift; path = CoreDataManagerMock.swift; sourceTree = "<group>"; };
		BC13DE8528E7448B0086DB48 /* MapScreenPresenterTests.swift */ = {isa = PBXFileReference; lastKnownFileType = sourcecode.swift; path = MapScreenPresenterTests.swift; sourceTree = "<group>"; };
		BC13DE8728E773230086DB48 /* CoreDataManagerTests.swift */ = {isa = PBXFileReference; lastKnownFileType = sourcecode.swift; path = CoreDataManagerTests.swift; sourceTree = "<group>"; };
		BC21B8D02902D52500A9C418 /* DIContainer.swift */ = {isa = PBXFileReference; lastKnownFileType = sourcecode.swift; path = DIContainer.swift; sourceTree = "<group>"; };
		BC25E88028BACF8700F5107D /* CustomTextField.swift */ = {isa = PBXFileReference; lastKnownFileType = sourcecode.swift; path = CustomTextField.swift; sourceTree = "<group>"; };
		BC2B80E028D3643E00E837A6 /* CredentialsVC.swift */ = {isa = PBXFileReference; lastKnownFileType = sourcecode.swift; path = CredentialsVC.swift; sourceTree = "<group>"; };
		BC2B80E228D36AAE00E837A6 /* CredentialsPresenter.swift */ = {isa = PBXFileReference; lastKnownFileType = sourcecode.swift; path = CredentialsPresenter.swift; sourceTree = "<group>"; };
		BC2FC42328D49903006A7D71 /* LogoLabel.swift */ = {isa = PBXFileReference; lastKnownFileType = sourcecode.swift; path = LogoLabel.swift; sourceTree = "<group>"; };
		BC2FC42528D4BF0F006A7D71 /* PasswordValidator.swift */ = {isa = PBXFileReference; lastKnownFileType = sourcecode.swift; path = PasswordValidator.swift; sourceTree = "<group>"; };
		BC2FC42B28D4C61A006A7D71 /* MVP Unit Tests.xctest */ = {isa = PBXFileReference; explicitFileType = wrapper.cfbundle; includeInIndex = 0; path = "MVP Unit Tests.xctest"; sourceTree = BUILT_PRODUCTS_DIR; };
		BC2FC43428D4D991006A7D71 /* PasswordValidatorTests.swift */ = {isa = PBXFileReference; lastKnownFileType = sourcecode.swift; path = PasswordValidatorTests.swift; sourceTree = "<group>"; };
		BC2FC43628D77DC5006A7D71 /* CredentialsPresenterTests.swift */ = {isa = PBXFileReference; lastKnownFileType = sourcecode.swift; path = CredentialsPresenterTests.swift; sourceTree = "<group>"; };
		BC2FC43828D77FAA006A7D71 /* InitialPresenterTests.swift */ = {isa = PBXFileReference; lastKnownFileType = sourcecode.swift; path = InitialPresenterTests.swift; sourceTree = "<group>"; };
		BC2FC43A28D87807006A7D71 /* NetworkManagerMock.swift */ = {isa = PBXFileReference; lastKnownFileType = sourcecode.swift; path = NetworkManagerMock.swift; sourceTree = "<group>"; };
		BC4A983928F19E3500172878 /* TermsAndConditionsVC.swift */ = {isa = PBXFileReference; lastKnownFileType = sourcecode.swift; path = TermsAndConditionsVC.swift; sourceTree = "<group>"; };
		BC63E96328E0847A00A97DF9 /* InitialVCTests.swift */ = {isa = PBXFileReference; lastKnownFileType = sourcecode.swift; path = InitialVCTests.swift; sourceTree = "<group>"; };
		BC63E96D28E0BAAF00A97DF9 /* InitialCellTests.swift */ = {isa = PBXFileReference; lastKnownFileType = sourcecode.swift; path = InitialCellTests.swift; sourceTree = "<group>"; };
		BC63E97028E1BDC100A97DF9 /* NetworkManagerTests.swift */ = {isa = PBXFileReference; lastKnownFileType = sourcecode.swift; path = NetworkManagerTests.swift; sourceTree = "<group>"; };
		BC6A776F28A53F7A00E0AD8D /* MVP+Tests.app */ = {isa = PBXFileReference; explicitFileType = wrapper.application; includeInIndex = 0; path = "MVP+Tests.app"; sourceTree = BUILT_PRODUCTS_DIR; };
		BC6A777228A53F7A00E0AD8D /* AppDelegate.swift */ = {isa = PBXFileReference; lastKnownFileType = sourcecode.swift; path = AppDelegate.swift; sourceTree = "<group>"; };
		BC6A777428A53F7A00E0AD8D /* SceneDelegate.swift */ = {isa = PBXFileReference; lastKnownFileType = sourcecode.swift; path = SceneDelegate.swift; sourceTree = "<group>"; };
		BC6A777B28A53F7D00E0AD8D /* Assets.xcassets */ = {isa = PBXFileReference; lastKnownFileType = folder.assetcatalog; path = Assets.xcassets; sourceTree = "<group>"; };
		BC6A777E28A53F7D00E0AD8D /* Base */ = {isa = PBXFileReference; lastKnownFileType = file.storyboard; name = Base; path = Base.lproj/LaunchScreen.storyboard; sourceTree = "<group>"; };
		BC6A778028A53F7D00E0AD8D /* Info.plist */ = {isa = PBXFileReference; lastKnownFileType = text.plist.xml; path = Info.plist; sourceTree = "<group>"; };
		BC6A778528A53F7D00E0AD8D /* MVP+TestsTests.xctest */ = {isa = PBXFileReference; explicitFileType = wrapper.cfbundle; includeInIndex = 0; path = "MVP+TestsTests.xctest"; sourceTree = BUILT_PRODUCTS_DIR; };
		BC6A778F28A53F7D00E0AD8D /* MVP+TestsUITests.xctest */ = {isa = PBXFileReference; explicitFileType = wrapper.cfbundle; includeInIndex = 0; path = "MVP+TestsUITests.xctest"; sourceTree = BUILT_PRODUCTS_DIR; };
		BC6A77A228A53FC800E0AD8D /* InitialVC.swift */ = {isa = PBXFileReference; lastKnownFileType = sourcecode.swift; path = InitialVC.swift; sourceTree = "<group>"; };
		BC6A77A428A54D6500E0AD8D /* InitialPresenter.swift */ = {isa = PBXFileReference; lastKnownFileType = sourcecode.swift; path = InitialPresenter.swift; sourceTree = "<group>"; };
		BC6A77AC28A5523700E0AD8D /* Users.swift */ = {isa = PBXFileReference; lastKnownFileType = sourcecode.swift; path = Users.swift; sourceTree = "<group>"; };
		BC6A77AF28A55C8C00E0AD8D /* UIView+Ext.swift */ = {isa = PBXFileReference; lastKnownFileType = sourcecode.swift; path = "UIView+Ext.swift"; sourceTree = "<group>"; };
		BC6A77B228A64E0700E0AD8D /* InitialCell.swift */ = {isa = PBXFileReference; lastKnownFileType = sourcecode.swift; path = InitialCell.swift; sourceTree = "<group>"; };
		BC6A77B628A650F200E0AD8D /* CustomLabel.swift */ = {isa = PBXFileReference; lastKnownFileType = sourcecode.swift; path = CustomLabel.swift; sourceTree = "<group>"; };
		BC6A77B928A7DC0200E0AD8D /* NetworkManager.swift */ = {isa = PBXFileReference; lastKnownFileType = sourcecode.swift; path = NetworkManager.swift; sourceTree = "<group>"; };
		BC6A77BC28A7EBCC00E0AD8D /* Constants.swift */ = {isa = PBXFileReference; lastKnownFileType = sourcecode.swift; path = Constants.swift; sourceTree = "<group>"; };
		BC6A77CF28A9422800E0AD8D /* MapScreenVC.swift */ = {isa = PBXFileReference; lastKnownFileType = sourcecode.swift; path = MapScreenVC.swift; sourceTree = "<group>"; };
		BC6A77D128A95EE800E0AD8D /* MapScreenPresenter.swift */ = {isa = PBXFileReference; lastKnownFileType = sourcecode.swift; path = MapScreenPresenter.swift; sourceTree = "<group>"; };
		BC6A77D528AC1F2E00E0AD8D /* Coordinator.swift */ = {isa = PBXFileReference; lastKnownFileType = sourcecode.swift; path = Coordinator.swift; sourceTree = "<group>"; };
		BC7363ED28B0D94A00F6BFF3 /* String+Ext.swift */ = {isa = PBXFileReference; lastKnownFileType = sourcecode.swift; path = "String+Ext.swift"; sourceTree = "<group>"; };
		BC73640228B50AB000F6BFF3 /* AlertVC.swift */ = {isa = PBXFileReference; lastKnownFileType = sourcecode.swift; path = AlertVC.swift; sourceTree = "<group>"; };
		BC73640528B50B3900F6BFF3 /* CustomButton.swift */ = {isa = PBXFileReference; lastKnownFileType = sourcecode.swift; path = CustomButton.swift; sourceTree = "<group>"; };
		BC73640828B5166E00F6BFF3 /* UIViewController+Ext.swift */ = {isa = PBXFileReference; lastKnownFileType = sourcecode.swift; path = "UIViewController+Ext.swift"; sourceTree = "<group>"; };
		BC73640A28B53DF200F6BFF3 /* CustomError.swift */ = {isa = PBXFileReference; lastKnownFileType = sourcecode.swift; path = CustomError.swift; sourceTree = "<group>"; };
		BC73643028B64CB900F6BFF3 /* CoreDataManager.swift */ = {isa = PBXFileReference; lastKnownFileType = sourcecode.swift; path = CoreDataManager.swift; sourceTree = "<group>"; };
		BC87A0DA28B6580F00829E6F /* UserModel.xcdatamodel */ = {isa = PBXFileReference; lastKnownFileType = wrapper.xcdatamodel; path = UserModel.xcdatamodel; sourceTree = "<group>"; };
		BC87A0DC28B6587700829E6F /* UserModel+CoreDataClass.swift */ = {isa = PBXFileReference; lastKnownFileType = sourcecode.swift; path = "UserModel+CoreDataClass.swift"; sourceTree = "<group>"; };
		BC87A0DD28B6587700829E6F /* UserModel+CoreDataProperties.swift */ = {isa = PBXFileReference; lastKnownFileType = sourcecode.swift; path = "UserModel+CoreDataProperties.swift"; sourceTree = "<group>"; };
		BCE36F2029097F6900B1C0BF /* CustomTextView.swift */ = {isa = PBXFileReference; lastKnownFileType = sourcecode.swift; path = CustomTextView.swift; sourceTree = "<group>"; };
/* End PBXFileReference section */

/* Begin PBXFrameworksBuildPhase section */
		BC2FC42828D4C61A006A7D71 /* Frameworks */ = {
			isa = PBXFrameworksBuildPhase;
			buildActionMask = 2147483647;
			files = (
			);
			runOnlyForDeploymentPostprocessing = 0;
		};
		BC6A776C28A53F7A00E0AD8D /* Frameworks */ = {
			isa = PBXFrameworksBuildPhase;
			buildActionMask = 2147483647;
			files = (
			);
			runOnlyForDeploymentPostprocessing = 0;
		};
		BC6A778228A53F7D00E0AD8D /* Frameworks */ = {
			isa = PBXFrameworksBuildPhase;
			buildActionMask = 2147483647;
			files = (
			);
			runOnlyForDeploymentPostprocessing = 0;
		};
		BC6A778C28A53F7D00E0AD8D /* Frameworks */ = {
			isa = PBXFrameworksBuildPhase;
			buildActionMask = 2147483647;
			files = (
			);
			runOnlyForDeploymentPostprocessing = 0;
		};
/* End PBXFrameworksBuildPhase section */

/* Begin PBXGroup section */
		BC25E88228BACF8C00F5107D /* UITextFields */ = {
			isa = PBXGroup;
			children = (
				BC25E88028BACF8700F5107D /* CustomTextField.swift */,
			);
			path = UITextFields;
			sourceTree = "<group>";
		};
		BC2EA81428AC48A500DF0400 /* Coordinator */ = {
			isa = PBXGroup;
			children = (
				BC6A77D528AC1F2E00E0AD8D /* Coordinator.swift */,
			);
			path = Coordinator;
			sourceTree = "<group>";
		};
		BC2FC42C28D4C61A006A7D71 /* MVP Unit Tests */ = {
			isa = PBXGroup;
			children = (
				BC63E96A28E0BA6700A97DF9 /* Managers */,
				BC63E96928E0BA5800A97DF9 /* Presenters */,
				BC63E96B28E0BA7600A97DF9 /* Screens */,
				BC63E96C28E0BA8700A97DF9 /* Mocks */,
				BC63E96F28E0BAB600A97DF9 /* Custom Views */,
			);
			path = "MVP Unit Tests";
			sourceTree = "<group>";
		};
		BC63E96928E0BA5800A97DF9 /* Presenters */ = {
			isa = PBXGroup;
			children = (
				BC2FC43628D77DC5006A7D71 /* CredentialsPresenterTests.swift */,
				BC13DE8528E7448B0086DB48 /* MapScreenPresenterTests.swift */,
				BC2FC43828D77FAA006A7D71 /* InitialPresenterTests.swift */,
			);
			path = Presenters;
			sourceTree = "<group>";
		};
		BC63E96A28E0BA6700A97DF9 /* Managers */ = {
			isa = PBXGroup;
			children = (
				BC2FC43428D4D991006A7D71 /* PasswordValidatorTests.swift */,
				BC63E97028E1BDC100A97DF9 /* NetworkManagerTests.swift */,
				BC13DE8728E773230086DB48 /* CoreDataManagerTests.swift */,
			);
			path = Managers;
			sourceTree = "<group>";
		};
		BC63E96B28E0BA7600A97DF9 /* Screens */ = {
			isa = PBXGroup;
			children = (
				BC63E96328E0847A00A97DF9 /* InitialVCTests.swift */,
			);
			path = Screens;
			sourceTree = "<group>";
		};
		BC63E96C28E0BA8700A97DF9 /* Mocks */ = {
			isa = PBXGroup;
			children = (
				BC2FC43A28D87807006A7D71 /* NetworkManagerMock.swift */,
				BC05F46428DC9F180034A90E /* CoreDataManagerMock.swift */,
			);
			path = Mocks;
			sourceTree = "<group>";
		};
		BC63E96F28E0BAB600A97DF9 /* Custom Views */ = {
			isa = PBXGroup;
			children = (
				BC63E96D28E0BAAF00A97DF9 /* InitialCellTests.swift */,
			);
			path = "Custom Views";
			sourceTree = "<group>";
		};
		BC6A776628A53F7900E0AD8D = {
			isa = PBXGroup;
			children = (
				BC6A777128A53F7A00E0AD8D /* MVP+Tests */,
				BC2FC42C28D4C61A006A7D71 /* MVP Unit Tests */,
				BC6A777028A53F7A00E0AD8D /* Products */,
			);
			sourceTree = "<group>";
		};
		BC6A777028A53F7A00E0AD8D /* Products */ = {
			isa = PBXGroup;
			children = (
				BC6A776F28A53F7A00E0AD8D /* MVP+Tests.app */,
				BC6A778528A53F7D00E0AD8D /* MVP+TestsTests.xctest */,
				BC6A778F28A53F7D00E0AD8D /* MVP+TestsUITests.xctest */,
				BC2FC42B28D4C61A006A7D71 /* MVP Unit Tests.xctest */,
			);
			name = Products;
			sourceTree = "<group>";
		};
		BC6A777128A53F7A00E0AD8D /* MVP+Tests */ = {
			isa = PBXGroup;
			children = (
				BC6A77BB28A7DC0800E0AD8D /* Managers */,
				BC6A77AE28A5523C00E0AD8D /* Models */,
				BC6A77A728A54D7C00E0AD8D /* Screens */,
				BC6A77B528A64E2F00E0AD8D /* Custom Views */,
				BC6A77A928A54DAA00E0AD8D /* Presenters */,
				BC2EA81428AC48A500DF0400 /* Coordinator */,
				BC6A77B128A55C9300E0AD8D /* Extensions */,
				BC6A77BE28A7EBD400E0AD8D /* Utilities */,
				BC87A0E128B67CE800829E6F /* DataBases */,
				BC6A77A828A54D9C00E0AD8D /* Support */,
				BC6A777B28A53F7D00E0AD8D /* Assets.xcassets */,
				BC6A777D28A53F7D00E0AD8D /* LaunchScreen.storyboard */,
				BC6A778028A53F7D00E0AD8D /* Info.plist */,
			);
			path = "MVP+Tests";
			sourceTree = "<group>";
		};
		BC6A77A728A54D7C00E0AD8D /* Screens */ = {
			isa = PBXGroup;
			children = (
				BC6A77A228A53FC800E0AD8D /* InitialVC.swift */,
				BC2B80E028D3643E00E837A6 /* CredentialsVC.swift */,
				BC6A77CF28A9422800E0AD8D /* MapScreenVC.swift */,
			);
			path = Screens;
			sourceTree = "<group>";
		};
		BC6A77A828A54D9C00E0AD8D /* Support */ = {
			isa = PBXGroup;
			children = (
				BC6A777228A53F7A00E0AD8D /* AppDelegate.swift */,
				BC6A777428A53F7A00E0AD8D /* SceneDelegate.swift */,
			);
			path = Support;
			sourceTree = "<group>";
		};
		BC6A77A928A54DAA00E0AD8D /* Presenters */ = {
			isa = PBXGroup;
			children = (
				BC6A77A428A54D6500E0AD8D /* InitialPresenter.swift */,
				BC6A77D128A95EE800E0AD8D /* MapScreenPresenter.swift */,
				BC2B80E228D36AAE00E837A6 /* CredentialsPresenter.swift */,
			);
			path = Presenters;
			sourceTree = "<group>";
		};
		BC6A77AE28A5523C00E0AD8D /* Models */ = {
			isa = PBXGroup;
			children = (
				BC6A77AC28A5523700E0AD8D /* Users.swift */,
			);
			path = Models;
			sourceTree = "<group>";
		};
		BC6A77B128A55C9300E0AD8D /* Extensions */ = {
			isa = PBXGroup;
			children = (
				BC6A77AF28A55C8C00E0AD8D /* UIView+Ext.swift */,
				BC7363ED28B0D94A00F6BFF3 /* String+Ext.swift */,
				BC73640828B5166E00F6BFF3 /* UIViewController+Ext.swift */,
			);
			path = Extensions;
			sourceTree = "<group>";
		};
		BC6A77B428A64E0E00E0AD8D /* Cells */ = {
			isa = PBXGroup;
			children = (
				BC6A77B228A64E0700E0AD8D /* InitialCell.swift */,
			);
			path = Cells;
			sourceTree = "<group>";
		};
		BC6A77B528A64E2F00E0AD8D /* Custom Views */ = {
			isa = PBXGroup;
			children = (
				BC6A77B828A650FF00E0AD8D /* UILabels */,
				BC6A77B428A64E0E00E0AD8D /* Cells */,
				BC73640428B50AB700F6BFF3 /* UIViewControllers */,
				BC73640728B50B3F00F6BFF3 /* UIButtons */,
				BC25E88228BACF8C00F5107D /* UITextFields */,
				BCE36F222909923D00B1C0BF /* UITextViews */,
			);
			path = "Custom Views";
			sourceTree = "<group>";
		};
		BC6A77B828A650FF00E0AD8D /* UILabels */ = {
			isa = PBXGroup;
			children = (
				BC6A77B628A650F200E0AD8D /* CustomLabel.swift */,
				BC2FC42328D49903006A7D71 /* LogoLabel.swift */,
			);
			name = UILabels;
			sourceTree = "<group>";
		};
		BC6A77BB28A7DC0800E0AD8D /* Managers */ = {
			isa = PBXGroup;
			children = (
				BC6A77B928A7DC0200E0AD8D /* NetworkManager.swift */,
				BC73643028B64CB900F6BFF3 /* CoreDataManager.swift */,
				BC2FC42528D4BF0F006A7D71 /* PasswordValidator.swift */,
			);
			path = Managers;
			sourceTree = "<group>";
		};
		BC6A77BE28A7EBD400E0AD8D /* Utilities */ = {
			isa = PBXGroup;
			children = (
				BC6A77BC28A7EBCC00E0AD8D /* Constants.swift */,
				BC21B8D02902D52500A9C418 /* DIContainer.swift */,
				BC73640A28B53DF200F6BFF3 /* CustomError.swift */,
			);
			path = Utilities;
			sourceTree = "<group>";
		};
		BC73640428B50AB700F6BFF3 /* UIViewControllers */ = {
			isa = PBXGroup;
			children = (
				BC4A983928F19E3500172878 /* TermsAndConditionsVC.swift */,
				BC73640228B50AB000F6BFF3 /* AlertVC.swift */,
			);
			path = UIViewControllers;
			sourceTree = "<group>";
		};
		BC73640728B50B3F00F6BFF3 /* UIButtons */ = {
			isa = PBXGroup;
			children = (
				BC73640528B50B3900F6BFF3 /* CustomButton.swift */,
			);
			path = UIButtons;
			sourceTree = "<group>";
		};
		BC87A0E028B67CB900829E6F /* CoreDataStack */ = {
			isa = PBXGroup;
			children = (
				BC87A0DC28B6587700829E6F /* UserModel+CoreDataClass.swift */,
				BC87A0DD28B6587700829E6F /* UserModel+CoreDataProperties.swift */,
				BC87A0D928B6580F00829E6F /* UserModel.xcdatamodeld */,
			);
			path = CoreDataStack;
			sourceTree = "<group>";
		};
		BC87A0E128B67CE800829E6F /* DataBases */ = {
			isa = PBXGroup;
			children = (
				BC87A0E028B67CB900829E6F /* CoreDataStack */,
			);
			path = DataBases;
			sourceTree = "<group>";
		};
		BCE36F222909923D00B1C0BF /* UITextViews */ = {
			isa = PBXGroup;
			children = (
				BCE36F2029097F6900B1C0BF /* CustomTextView.swift */,
			);
			path = UITextViews;
			sourceTree = "<group>";
		};
/* End PBXGroup section */

/* Begin PBXNativeTarget section */
		BC2FC42A28D4C61A006A7D71 /* MVP Unit Tests */ = {
			isa = PBXNativeTarget;
			buildConfigurationList = BC2FC43128D4C61A006A7D71 /* Build configuration list for PBXNativeTarget "MVP Unit Tests" */;
			buildPhases = (
				BC2FC42728D4C61A006A7D71 /* Sources */,
				BC2FC42828D4C61A006A7D71 /* Frameworks */,
				BC2FC42928D4C61A006A7D71 /* Resources */,
			);
			buildRules = (
			);
			dependencies = (
				BC2FC43028D4C61A006A7D71 /* PBXTargetDependency */,
			);
			name = "MVP Unit Tests";
			productName = "MVP Unit Tests";
			productReference = BC2FC42B28D4C61A006A7D71 /* MVP Unit Tests.xctest */;
			productType = "com.apple.product-type.bundle.unit-test";
		};
		BC6A776E28A53F7A00E0AD8D /* MVP+Tests */ = {
			isa = PBXNativeTarget;
			buildConfigurationList = BC6A779928A53F7E00E0AD8D /* Build configuration list for PBXNativeTarget "MVP+Tests" */;
			buildPhases = (
				BC6A776B28A53F7A00E0AD8D /* Sources */,
				BC6A776C28A53F7A00E0AD8D /* Frameworks */,
				BC6A776D28A53F7A00E0AD8D /* Resources */,
			);
			buildRules = (
			);
			dependencies = (
			);
			name = "MVP+Tests";
			productName = "MVP+Tests";
			productReference = BC6A776F28A53F7A00E0AD8D /* MVP+Tests.app */;
			productType = "com.apple.product-type.application";
		};
		BC6A778428A53F7D00E0AD8D /* MVP+TestsTests */ = {
			isa = PBXNativeTarget;
			buildConfigurationList = BC6A779C28A53F7E00E0AD8D /* Build configuration list for PBXNativeTarget "MVP+TestsTests" */;
			buildPhases = (
				BC6A778128A53F7D00E0AD8D /* Sources */,
				BC6A778228A53F7D00E0AD8D /* Frameworks */,
				BC6A778328A53F7D00E0AD8D /* Resources */,
			);
			buildRules = (
			);
			dependencies = (
				BC6A778728A53F7D00E0AD8D /* PBXTargetDependency */,
			);
			name = "MVP+TestsTests";
			productName = "MVP+TestsTests";
			productReference = BC6A778528A53F7D00E0AD8D /* MVP+TestsTests.xctest */;
			productType = "com.apple.product-type.bundle.unit-test";
		};
		BC6A778E28A53F7D00E0AD8D /* MVP+TestsUITests */ = {
			isa = PBXNativeTarget;
			buildConfigurationList = BC6A779F28A53F7E00E0AD8D /* Build configuration list for PBXNativeTarget "MVP+TestsUITests" */;
			buildPhases = (
				BC6A778B28A53F7D00E0AD8D /* Sources */,
				BC6A778C28A53F7D00E0AD8D /* Frameworks */,
				BC6A778D28A53F7D00E0AD8D /* Resources */,
			);
			buildRules = (
			);
			dependencies = (
				BC6A779128A53F7D00E0AD8D /* PBXTargetDependency */,
			);
			name = "MVP+TestsUITests";
			productName = "MVP+TestsUITests";
			productReference = BC6A778F28A53F7D00E0AD8D /* MVP+TestsUITests.xctest */;
			productType = "com.apple.product-type.bundle.ui-testing";
		};
/* End PBXNativeTarget section */

/* Begin PBXProject section */
		BC6A776728A53F7900E0AD8D /* Project object */ = {
			isa = PBXProject;
			attributes = {
				BuildIndependentTargetsInParallel = 1;
				LastSwiftUpdateCheck = 1400;
				LastUpgradeCheck = 1400;
				TargetAttributes = {
					BC2FC42A28D4C61A006A7D71 = {
						CreatedOnToolsVersion = 14.0;
						TestTargetID = BC6A776E28A53F7A00E0AD8D;
					};
					BC6A776E28A53F7A00E0AD8D = {
						CreatedOnToolsVersion = 13.4.1;
					};
					BC6A778428A53F7D00E0AD8D = {
						CreatedOnToolsVersion = 13.4.1;
						TestTargetID = BC6A776E28A53F7A00E0AD8D;
					};
					BC6A778E28A53F7D00E0AD8D = {
						CreatedOnToolsVersion = 13.4.1;
						TestTargetID = BC6A776E28A53F7A00E0AD8D;
					};
				};
			};
			buildConfigurationList = BC6A776A28A53F7900E0AD8D /* Build configuration list for PBXProject "MVP+Tests" */;
			compatibilityVersion = "Xcode 13.0";
			developmentRegion = en;
			hasScannedForEncodings = 0;
			knownRegions = (
				en,
				Base,
			);
			mainGroup = BC6A776628A53F7900E0AD8D;
			productRefGroup = BC6A777028A53F7A00E0AD8D /* Products */;
			projectDirPath = "";
			projectRoot = "";
			targets = (
				BC6A776E28A53F7A00E0AD8D /* MVP+Tests */,
				BC6A778428A53F7D00E0AD8D /* MVP+TestsTests */,
				BC6A778E28A53F7D00E0AD8D /* MVP+TestsUITests */,
				BC2FC42A28D4C61A006A7D71 /* MVP Unit Tests */,
			);
		};
/* End PBXProject section */

/* Begin PBXResourcesBuildPhase section */
		BC2FC42928D4C61A006A7D71 /* Resources */ = {
			isa = PBXResourcesBuildPhase;
			buildActionMask = 2147483647;
			files = (
			);
			runOnlyForDeploymentPostprocessing = 0;
		};
		BC6A776D28A53F7A00E0AD8D /* Resources */ = {
			isa = PBXResourcesBuildPhase;
			buildActionMask = 2147483647;
			files = (
				BC6A777F28A53F7D00E0AD8D /* LaunchScreen.storyboard in Resources */,
				BC6A777C28A53F7D00E0AD8D /* Assets.xcassets in Resources */,
			);
			runOnlyForDeploymentPostprocessing = 0;
		};
		BC6A778328A53F7D00E0AD8D /* Resources */ = {
			isa = PBXResourcesBuildPhase;
			buildActionMask = 2147483647;
			files = (
			);
			runOnlyForDeploymentPostprocessing = 0;
		};
		BC6A778D28A53F7D00E0AD8D /* Resources */ = {
			isa = PBXResourcesBuildPhase;
			buildActionMask = 2147483647;
			files = (
			);
			runOnlyForDeploymentPostprocessing = 0;
		};
/* End PBXResourcesBuildPhase section */

/* Begin PBXSourcesBuildPhase section */
		BC2FC42728D4C61A006A7D71 /* Sources */ = {
			isa = PBXSourcesBuildPhase;
			buildActionMask = 2147483647;
			files = (
				BC63E97128E1BDC100A97DF9 /* NetworkManagerTests.swift in Sources */,
				BC2FC43528D4D991006A7D71 /* PasswordValidatorTests.swift in Sources */,
				BC05F46528DC9F180034A90E /* CoreDataManagerMock.swift in Sources */,
				BC63E96E28E0BAAF00A97DF9 /* InitialCellTests.swift in Sources */,
				BC2FC43928D77FAA006A7D71 /* InitialPresenterTests.swift in Sources */,
				BC63E96428E0847A00A97DF9 /* InitialVCTests.swift in Sources */,
				BC2FC43B28D87807006A7D71 /* NetworkManagerMock.swift in Sources */,
				BC13DE8628E7448B0086DB48 /* MapScreenPresenterTests.swift in Sources */,
				BC13DE8828E773230086DB48 /* CoreDataManagerTests.swift in Sources */,
				BC2FC43728D77DC5006A7D71 /* CredentialsPresenterTests.swift in Sources */,
			);
			runOnlyForDeploymentPostprocessing = 0;
		};
		BC6A776B28A53F7A00E0AD8D /* Sources */ = {
			isa = PBXSourcesBuildPhase;
			buildActionMask = 2147483647;
			files = (
				BC6A77BA28A7DC0200E0AD8D /* NetworkManager.swift in Sources */,
				BC6A77D228A95EE800E0AD8D /* MapScreenPresenter.swift in Sources */,
				BC6A77D028A9422800E0AD8D /* MapScreenVC.swift in Sources */,
				BC6A77A328A53FC800E0AD8D /* InitialVC.swift in Sources */,
				BC25E88128BACF8700F5107D /* CustomTextField.swift in Sources */,
				BC73640928B5166E00F6BFF3 /* UIViewController+Ext.swift in Sources */,
				BC21B8D12902D52500A9C418 /* DIContainer.swift in Sources */,
				BC6A777328A53F7A00E0AD8D /* AppDelegate.swift in Sources */,
				BC2FC42628D4BF0F006A7D71 /* PasswordValidator.swift in Sources */,
				BC2FC42428D49903006A7D71 /* LogoLabel.swift in Sources */,
				BC73640328B50AB000F6BFF3 /* AlertVC.swift in Sources */,
				BC87A0DB28B6580F00829E6F /* UserModel.xcdatamodeld in Sources */,
				BC6A77B028A55C8C00E0AD8D /* UIView+Ext.swift in Sources */,
				BC6A77AD28A5523700E0AD8D /* Users.swift in Sources */,
				BC6A77BD28A7EBCC00E0AD8D /* Constants.swift in Sources */,
				BC4A983A28F19E3500172878 /* TermsAndConditionsVC.swift in Sources */,
				BC87A0DE28B6587700829E6F /* UserModel+CoreDataClass.swift in Sources */,
				BC6A777528A53F7A00E0AD8D /* SceneDelegate.swift in Sources */,
				BC2B80E328D36AAE00E837A6 /* CredentialsPresenter.swift in Sources */,
				BC2B80E128D3643E00E837A6 /* CredentialsVC.swift in Sources */,
				BC6A77A528A54D6500E0AD8D /* InitialPresenter.swift in Sources */,
				BCE36F2129097F6900B1C0BF /* CustomTextView.swift in Sources */,
				BC6A77B328A64E0700E0AD8D /* InitialCell.swift in Sources */,
				BC73640B28B53DF200F6BFF3 /* CustomError.swift in Sources */,
				BC73643128B64CB900F6BFF3 /* CoreDataManager.swift in Sources */,
				BC6A77D628AC1F2E00E0AD8D /* Coordinator.swift in Sources */,
				BC7363EE28B0D94A00F6BFF3 /* String+Ext.swift in Sources */,
				BC73640628B50B3900F6BFF3 /* CustomButton.swift in Sources */,
				BC87A0DF28B6587700829E6F /* UserModel+CoreDataProperties.swift in Sources */,
				BC6A77B728A650F200E0AD8D /* CustomLabel.swift in Sources */,
			);
			runOnlyForDeploymentPostprocessing = 0;
		};
		BC6A778128A53F7D00E0AD8D /* Sources */ = {
			isa = PBXSourcesBuildPhase;
			buildActionMask = 2147483647;
			files = (
			);
			runOnlyForDeploymentPostprocessing = 0;
		};
		BC6A778B28A53F7D00E0AD8D /* Sources */ = {
			isa = PBXSourcesBuildPhase;
			buildActionMask = 2147483647;
			files = (
			);
			runOnlyForDeploymentPostprocessing = 0;
		};
/* End PBXSourcesBuildPhase section */

/* Begin PBXTargetDependency section */
		BC2FC43028D4C61A006A7D71 /* PBXTargetDependency */ = {
			isa = PBXTargetDependency;
			target = BC6A776E28A53F7A00E0AD8D /* MVP+Tests */;
			targetProxy = BC2FC42F28D4C61A006A7D71 /* PBXContainerItemProxy */;
		};
		BC6A778728A53F7D00E0AD8D /* PBXTargetDependency */ = {
			isa = PBXTargetDependency;
			target = BC6A776E28A53F7A00E0AD8D /* MVP+Tests */;
			targetProxy = BC6A778628A53F7D00E0AD8D /* PBXContainerItemProxy */;
		};
		BC6A779128A53F7D00E0AD8D /* PBXTargetDependency */ = {
			isa = PBXTargetDependency;
			target = BC6A776E28A53F7A00E0AD8D /* MVP+Tests */;
			targetProxy = BC6A779028A53F7D00E0AD8D /* PBXContainerItemProxy */;
		};
/* End PBXTargetDependency section */

/* Begin PBXVariantGroup section */
		BC6A777D28A53F7D00E0AD8D /* LaunchScreen.storyboard */ = {
			isa = PBXVariantGroup;
			children = (
				BC6A777E28A53F7D00E0AD8D /* Base */,
			);
			name = LaunchScreen.storyboard;
			sourceTree = "<group>";
		};
/* End PBXVariantGroup section */

/* Begin XCBuildConfiguration section */
		BC2FC43228D4C61A006A7D71 /* Debug */ = {
			isa = XCBuildConfiguration;
			buildSettings = {
				BUNDLE_LOADER = "$(TEST_HOST)";
				CLANG_CXX_LANGUAGE_STANDARD = "gnu++20";
				CODE_SIGN_STYLE = Automatic;
				CURRENT_PROJECT_VERSION = 1;
				DEAD_CODE_STRIPPING = YES;
				DEVELOPMENT_TEAM = K33FXWL25N;
				GENERATE_INFOPLIST_FILE = YES;
				IPHONEOS_DEPLOYMENT_TARGET = 16.0;
				MACOSX_DEPLOYMENT_TARGET = 12.3;
				MARKETING_VERSION = 1.0;
				PRODUCT_BUNDLE_IDENTIFIER = "com.anatolii.ostapenko.MVP-Unit-Tests";
				PRODUCT_NAME = "$(TARGET_NAME)";
				SDKROOT = auto;
				SUPPORTED_PLATFORMS = "iphoneos iphonesimulator macosx";
				SWIFT_EMIT_LOC_STRINGS = NO;
				SWIFT_VERSION = 5.0;
				TARGETED_DEVICE_FAMILY = "1,2";
				TEST_HOST = "$(BUILT_PRODUCTS_DIR)/MVP+Tests.app/$(BUNDLE_EXECUTABLE_FOLDER_PATH)/MVP+Tests";
			};
			name = Debug;
		};
		BC2FC43328D4C61A006A7D71 /* Release */ = {
			isa = XCBuildConfiguration;
			buildSettings = {
				BUNDLE_LOADER = "$(TEST_HOST)";
				CLANG_CXX_LANGUAGE_STANDARD = "gnu++20";
				CODE_SIGN_STYLE = Automatic;
				CURRENT_PROJECT_VERSION = 1;
				DEAD_CODE_STRIPPING = YES;
				DEVELOPMENT_TEAM = K33FXWL25N;
				GENERATE_INFOPLIST_FILE = YES;
				IPHONEOS_DEPLOYMENT_TARGET = 16.0;
				MACOSX_DEPLOYMENT_TARGET = 12.3;
				MARKETING_VERSION = 1.0;
				PRODUCT_BUNDLE_IDENTIFIER = "com.anatolii.ostapenko.MVP-Unit-Tests";
				PRODUCT_NAME = "$(TARGET_NAME)";
				SDKROOT = auto;
				SUPPORTED_PLATFORMS = "iphoneos iphonesimulator macosx";
				SWIFT_EMIT_LOC_STRINGS = NO;
				SWIFT_VERSION = 5.0;
				TARGETED_DEVICE_FAMILY = "1,2";
				TEST_HOST = "$(BUILT_PRODUCTS_DIR)/MVP+Tests.app/$(BUNDLE_EXECUTABLE_FOLDER_PATH)/MVP+Tests";
			};
			name = Release;
		};
		BC6A779728A53F7E00E0AD8D /* Debug */ = {
			isa = XCBuildConfiguration;
			buildSettings = {
				ALWAYS_SEARCH_USER_PATHS = NO;
				CLANG_ANALYZER_NONNULL = YES;
				CLANG_ANALYZER_NUMBER_OBJECT_CONVERSION = YES_AGGRESSIVE;
				CLANG_CXX_LANGUAGE_STANDARD = "gnu++17";
				CLANG_ENABLE_MODULES = YES;
				CLANG_ENABLE_OBJC_ARC = YES;
				CLANG_ENABLE_OBJC_WEAK = YES;
				CLANG_WARN_BLOCK_CAPTURE_AUTORELEASING = YES;
				CLANG_WARN_BOOL_CONVERSION = YES;
				CLANG_WARN_COMMA = YES;
				CLANG_WARN_CONSTANT_CONVERSION = YES;
				CLANG_WARN_DEPRECATED_OBJC_IMPLEMENTATIONS = YES;
				CLANG_WARN_DIRECT_OBJC_ISA_USAGE = YES_ERROR;
				CLANG_WARN_DOCUMENTATION_COMMENTS = YES;
				CLANG_WARN_EMPTY_BODY = YES;
				CLANG_WARN_ENUM_CONVERSION = YES;
				CLANG_WARN_INFINITE_RECURSION = YES;
				CLANG_WARN_INT_CONVERSION = YES;
				CLANG_WARN_NON_LITERAL_NULL_CONVERSION = YES;
				CLANG_WARN_OBJC_IMPLICIT_RETAIN_SELF = YES;
				CLANG_WARN_OBJC_LITERAL_CONVERSION = YES;
				CLANG_WARN_OBJC_ROOT_CLASS = YES_ERROR;
				CLANG_WARN_QUOTED_INCLUDE_IN_FRAMEWORK_HEADER = YES;
				CLANG_WARN_RANGE_LOOP_ANALYSIS = YES;
				CLANG_WARN_STRICT_PROTOTYPES = YES;
				CLANG_WARN_SUSPICIOUS_MOVE = YES;
				CLANG_WARN_UNGUARDED_AVAILABILITY = YES_AGGRESSIVE;
				CLANG_WARN_UNREACHABLE_CODE = YES;
				CLANG_WARN__DUPLICATE_METHOD_MATCH = YES;
				COPY_PHASE_STRIP = NO;
				DEBUG_INFORMATION_FORMAT = dwarf;
				ENABLE_STRICT_OBJC_MSGSEND = YES;
				ENABLE_TESTABILITY = YES;
				GCC_C_LANGUAGE_STANDARD = gnu11;
				GCC_DYNAMIC_NO_PIC = NO;
				GCC_NO_COMMON_BLOCKS = YES;
				GCC_OPTIMIZATION_LEVEL = 0;
				GCC_PREPROCESSOR_DEFINITIONS = (
					"DEBUG=1",
					"$(inherited)",
				);
				GCC_WARN_64_TO_32_BIT_CONVERSION = YES;
				GCC_WARN_ABOUT_RETURN_TYPE = YES_ERROR;
				GCC_WARN_UNDECLARED_SELECTOR = YES;
				GCC_WARN_UNINITIALIZED_AUTOS = YES_AGGRESSIVE;
				GCC_WARN_UNUSED_FUNCTION = YES;
				GCC_WARN_UNUSED_VARIABLE = YES;
				IPHONEOS_DEPLOYMENT_TARGET = 15.5;
				MTL_ENABLE_DEBUG_INFO = INCLUDE_SOURCE;
				MTL_FAST_MATH = YES;
				ONLY_ACTIVE_ARCH = YES;
				SDKROOT = iphoneos;
				SWIFT_ACTIVE_COMPILATION_CONDITIONS = DEBUG;
				SWIFT_OPTIMIZATION_LEVEL = "-Onone";
			};
			name = Debug;
		};
		BC6A779828A53F7E00E0AD8D /* Release */ = {
			isa = XCBuildConfiguration;
			buildSettings = {
				ALWAYS_SEARCH_USER_PATHS = NO;
				CLANG_ANALYZER_NONNULL = YES;
				CLANG_ANALYZER_NUMBER_OBJECT_CONVERSION = YES_AGGRESSIVE;
				CLANG_CXX_LANGUAGE_STANDARD = "gnu++17";
				CLANG_ENABLE_MODULES = YES;
				CLANG_ENABLE_OBJC_ARC = YES;
				CLANG_ENABLE_OBJC_WEAK = YES;
				CLANG_WARN_BLOCK_CAPTURE_AUTORELEASING = YES;
				CLANG_WARN_BOOL_CONVERSION = YES;
				CLANG_WARN_COMMA = YES;
				CLANG_WARN_CONSTANT_CONVERSION = YES;
				CLANG_WARN_DEPRECATED_OBJC_IMPLEMENTATIONS = YES;
				CLANG_WARN_DIRECT_OBJC_ISA_USAGE = YES_ERROR;
				CLANG_WARN_DOCUMENTATION_COMMENTS = YES;
				CLANG_WARN_EMPTY_BODY = YES;
				CLANG_WARN_ENUM_CONVERSION = YES;
				CLANG_WARN_INFINITE_RECURSION = YES;
				CLANG_WARN_INT_CONVERSION = YES;
				CLANG_WARN_NON_LITERAL_NULL_CONVERSION = YES;
				CLANG_WARN_OBJC_IMPLICIT_RETAIN_SELF = YES;
				CLANG_WARN_OBJC_LITERAL_CONVERSION = YES;
				CLANG_WARN_OBJC_ROOT_CLASS = YES_ERROR;
				CLANG_WARN_QUOTED_INCLUDE_IN_FRAMEWORK_HEADER = YES;
				CLANG_WARN_RANGE_LOOP_ANALYSIS = YES;
				CLANG_WARN_STRICT_PROTOTYPES = YES;
				CLANG_WARN_SUSPICIOUS_MOVE = YES;
				CLANG_WARN_UNGUARDED_AVAILABILITY = YES_AGGRESSIVE;
				CLANG_WARN_UNREACHABLE_CODE = YES;
				CLANG_WARN__DUPLICATE_METHOD_MATCH = YES;
				COPY_PHASE_STRIP = NO;
				DEBUG_INFORMATION_FORMAT = "dwarf-with-dsym";
				ENABLE_NS_ASSERTIONS = NO;
				ENABLE_STRICT_OBJC_MSGSEND = YES;
				GCC_C_LANGUAGE_STANDARD = gnu11;
				GCC_NO_COMMON_BLOCKS = YES;
				GCC_WARN_64_TO_32_BIT_CONVERSION = YES;
				GCC_WARN_ABOUT_RETURN_TYPE = YES_ERROR;
				GCC_WARN_UNDECLARED_SELECTOR = YES;
				GCC_WARN_UNINITIALIZED_AUTOS = YES_AGGRESSIVE;
				GCC_WARN_UNUSED_FUNCTION = YES;
				GCC_WARN_UNUSED_VARIABLE = YES;
				IPHONEOS_DEPLOYMENT_TARGET = 15.5;
				MTL_ENABLE_DEBUG_INFO = NO;
				MTL_FAST_MATH = YES;
				SDKROOT = iphoneos;
				SWIFT_COMPILATION_MODE = wholemodule;
				SWIFT_OPTIMIZATION_LEVEL = "-O";
				VALIDATE_PRODUCT = YES;
			};
			name = Release;
		};
		BC6A779A28A53F7E00E0AD8D /* Debug */ = {
			isa = XCBuildConfiguration;
			buildSettings = {
				ASSETCATALOG_COMPILER_APPICON_NAME = AppIcon;
				ASSETCATALOG_COMPILER_GLOBAL_ACCENT_COLOR_NAME = AccentColor;
				CODE_SIGN_STYLE = Automatic;
				CURRENT_PROJECT_VERSION = 1;
				DEVELOPMENT_TEAM = K33FXWL25N;
				GENERATE_INFOPLIST_FILE = YES;
				INFOPLIST_FILE = "MVP+Tests/Info.plist";
				INFOPLIST_KEY_UIApplicationSupportsIndirectInputEvents = YES;
				INFOPLIST_KEY_UILaunchStoryboardName = LaunchScreen;
				INFOPLIST_KEY_UISupportedInterfaceOrientations_iPad = "UIInterfaceOrientationPortrait UIInterfaceOrientationPortraitUpsideDown UIInterfaceOrientationLandscapeLeft UIInterfaceOrientationLandscapeRight";
				INFOPLIST_KEY_UISupportedInterfaceOrientations_iPhone = "UIInterfaceOrientationPortrait UIInterfaceOrientationLandscapeLeft UIInterfaceOrientationLandscapeRight";
				LD_RUNPATH_SEARCH_PATHS = (
					"$(inherited)",
					"@executable_path/Frameworks",
				);
				MARKETING_VERSION = 1.0;
				PRODUCT_BUNDLE_IDENTIFIER = "com.anatolii.ostapenko.MVP-Tests";
				PRODUCT_NAME = "$(TARGET_NAME)";
				SWIFT_EMIT_LOC_STRINGS = YES;
				SWIFT_VERSION = 5.0;
				TARGETED_DEVICE_FAMILY = "1,2";
			};
			name = Debug;
		};
		BC6A779B28A53F7E00E0AD8D /* Release */ = {
			isa = XCBuildConfiguration;
			buildSettings = {
				ASSETCATALOG_COMPILER_APPICON_NAME = AppIcon;
				ASSETCATALOG_COMPILER_GLOBAL_ACCENT_COLOR_NAME = AccentColor;
				CODE_SIGN_STYLE = Automatic;
				CURRENT_PROJECT_VERSION = 1;
				DEVELOPMENT_TEAM = K33FXWL25N;
				GENERATE_INFOPLIST_FILE = YES;
				INFOPLIST_FILE = "MVP+Tests/Info.plist";
				INFOPLIST_KEY_UIApplicationSupportsIndirectInputEvents = YES;
				INFOPLIST_KEY_UILaunchStoryboardName = LaunchScreen;
				INFOPLIST_KEY_UISupportedInterfaceOrientations_iPad = "UIInterfaceOrientationPortrait UIInterfaceOrientationPortraitUpsideDown UIInterfaceOrientationLandscapeLeft UIInterfaceOrientationLandscapeRight";
				INFOPLIST_KEY_UISupportedInterfaceOrientations_iPhone = "UIInterfaceOrientationPortrait UIInterfaceOrientationLandscapeLeft UIInterfaceOrientationLandscapeRight";
				LD_RUNPATH_SEARCH_PATHS = (
					"$(inherited)",
					"@executable_path/Frameworks",
				);
				MARKETING_VERSION = 1.0;
				PRODUCT_BUNDLE_IDENTIFIER = "com.anatolii.ostapenko.MVP-Tests";
				PRODUCT_NAME = "$(TARGET_NAME)";
				SWIFT_EMIT_LOC_STRINGS = YES;
				SWIFT_VERSION = 5.0;
				TARGETED_DEVICE_FAMILY = "1,2";
			};
			name = Release;
		};
		BC6A779D28A53F7E00E0AD8D /* Debug */ = {
			isa = XCBuildConfiguration;
			buildSettings = {
				ALWAYS_EMBED_SWIFT_STANDARD_LIBRARIES = YES;
				BUNDLE_LOADER = "$(TEST_HOST)";
				CODE_SIGN_STYLE = Automatic;
				CURRENT_PROJECT_VERSION = 1;
				DEVELOPMENT_TEAM = K33FXWL25N;
				GENERATE_INFOPLIST_FILE = YES;
				IPHONEOS_DEPLOYMENT_TARGET = 15.5;
				MARKETING_VERSION = 1.0;
				PRODUCT_BUNDLE_IDENTIFIER = "com.anatolii.ostapenko.MVP-TestsTests";
				PRODUCT_NAME = "$(TARGET_NAME)";
				SWIFT_EMIT_LOC_STRINGS = NO;
				SWIFT_VERSION = 5.0;
				TARGETED_DEVICE_FAMILY = "1,2";
				TEST_HOST = "$(BUILT_PRODUCTS_DIR)/MVP+Tests.app/MVP+Tests";
			};
			name = Debug;
		};
		BC6A779E28A53F7E00E0AD8D /* Release */ = {
			isa = XCBuildConfiguration;
			buildSettings = {
				ALWAYS_EMBED_SWIFT_STANDARD_LIBRARIES = YES;
				BUNDLE_LOADER = "$(TEST_HOST)";
				CODE_SIGN_STYLE = Automatic;
				CURRENT_PROJECT_VERSION = 1;
				DEVELOPMENT_TEAM = K33FXWL25N;
				GENERATE_INFOPLIST_FILE = YES;
				IPHONEOS_DEPLOYMENT_TARGET = 15.5;
				MARKETING_VERSION = 1.0;
				PRODUCT_BUNDLE_IDENTIFIER = "com.anatolii.ostapenko.MVP-TestsTests";
				PRODUCT_NAME = "$(TARGET_NAME)";
				SWIFT_EMIT_LOC_STRINGS = NO;
				SWIFT_VERSION = 5.0;
				TARGETED_DEVICE_FAMILY = "1,2";
				TEST_HOST = "$(BUILT_PRODUCTS_DIR)/MVP+Tests.app/MVP+Tests";
			};
			name = Release;
		};
		BC6A77A028A53F7E00E0AD8D /* Debug */ = {
			isa = XCBuildConfiguration;
			buildSettings = {
				ALWAYS_EMBED_SWIFT_STANDARD_LIBRARIES = YES;
				CODE_SIGN_STYLE = Automatic;
				CURRENT_PROJECT_VERSION = 1;
				DEVELOPMENT_TEAM = K33FXWL25N;
				GENERATE_INFOPLIST_FILE = YES;
				MARKETING_VERSION = 1.0;
				PRODUCT_BUNDLE_IDENTIFIER = "com.anatolii.ostapenko.MVP-TestsUITests";
				PRODUCT_NAME = "$(TARGET_NAME)";
				SWIFT_EMIT_LOC_STRINGS = NO;
				SWIFT_VERSION = 5.0;
				TARGETED_DEVICE_FAMILY = "1,2";
				TEST_TARGET_NAME = "MVP+Tests";
			};
			name = Debug;
		};
		BC6A77A128A53F7E00E0AD8D /* Release */ = {
			isa = XCBuildConfiguration;
			buildSettings = {
				ALWAYS_EMBED_SWIFT_STANDARD_LIBRARIES = YES;
				CODE_SIGN_STYLE = Automatic;
				CURRENT_PROJECT_VERSION = 1;
				DEVELOPMENT_TEAM = K33FXWL25N;
				GENERATE_INFOPLIST_FILE = YES;
				MARKETING_VERSION = 1.0;
				PRODUCT_BUNDLE_IDENTIFIER = "com.anatolii.ostapenko.MVP-TestsUITests";
				PRODUCT_NAME = "$(TARGET_NAME)";
				SWIFT_EMIT_LOC_STRINGS = NO;
				SWIFT_VERSION = 5.0;
				TARGETED_DEVICE_FAMILY = "1,2";
				TEST_TARGET_NAME = "MVP+Tests";
			};
			name = Release;
		};
/* End XCBuildConfiguration section */

/* Begin XCConfigurationList section */
		BC2FC43128D4C61A006A7D71 /* Build configuration list for PBXNativeTarget "MVP Unit Tests" */ = {
			isa = XCConfigurationList;
			buildConfigurations = (
				BC2FC43228D4C61A006A7D71 /* Debug */,
				BC2FC43328D4C61A006A7D71 /* Release */,
			);
			defaultConfigurationIsVisible = 0;
			defaultConfigurationName = Release;
		};
		BC6A776A28A53F7900E0AD8D /* Build configuration list for PBXProject "MVP+Tests" */ = {
			isa = XCConfigurationList;
			buildConfigurations = (
				BC6A779728A53F7E00E0AD8D /* Debug */,
				BC6A779828A53F7E00E0AD8D /* Release */,
			);
			defaultConfigurationIsVisible = 0;
			defaultConfigurationName = Release;
		};
		BC6A779928A53F7E00E0AD8D /* Build configuration list for PBXNativeTarget "MVP+Tests" */ = {
			isa = XCConfigurationList;
			buildConfigurations = (
				BC6A779A28A53F7E00E0AD8D /* Debug */,
				BC6A779B28A53F7E00E0AD8D /* Release */,
			);
			defaultConfigurationIsVisible = 0;
			defaultConfigurationName = Release;
		};
		BC6A779C28A53F7E00E0AD8D /* Build configuration list for PBXNativeTarget "MVP+TestsTests" */ = {
			isa = XCConfigurationList;
			buildConfigurations = (
				BC6A779D28A53F7E00E0AD8D /* Debug */,
				BC6A779E28A53F7E00E0AD8D /* Release */,
			);
			defaultConfigurationIsVisible = 0;
			defaultConfigurationName = Release;
		};
		BC6A779F28A53F7E00E0AD8D /* Build configuration list for PBXNativeTarget "MVP+TestsUITests" */ = {
			isa = XCConfigurationList;
			buildConfigurations = (
				BC6A77A028A53F7E00E0AD8D /* Debug */,
				BC6A77A128A53F7E00E0AD8D /* Release */,
			);
			defaultConfigurationIsVisible = 0;
			defaultConfigurationName = Release;
		};
/* End XCConfigurationList section */

/* Begin XCVersionGroup section */
		BC87A0D928B6580F00829E6F /* UserModel.xcdatamodeld */ = {
			isa = XCVersionGroup;
			children = (
				BC87A0DA28B6580F00829E6F /* UserModel.xcdatamodel */,
			);
			currentVersion = BC87A0DA28B6580F00829E6F /* UserModel.xcdatamodel */;
			path = UserModel.xcdatamodeld;
			sourceTree = "<group>";
			versionGroupType = wrapper.xcdatamodel;
		};
/* End XCVersionGroup section */
	};
	rootObject = BC6A776728A53F7900E0AD8D /* Project object */;
}
