// !$*UTF8*$!
{
	archiveVersion = 1;
	classes = {
	};
	objectVersion = 55;
	objects = {

/* Begin PBXBuildFile section */
		BC6A777328A53F7A00E0AD8D /* AppDelegate.swift in Sources */ = {isa = PBXBuildFile; fileRef = BC6A777228A53F7A00E0AD8D /* AppDelegate.swift */; };
		BC6A777528A53F7A00E0AD8D /* SceneDelegate.swift in Sources */ = {isa = PBXBuildFile; fileRef = BC6A777428A53F7A00E0AD8D /* SceneDelegate.swift */; };
		BC6A777C28A53F7D00E0AD8D /* Assets.xcassets in Resources */ = {isa = PBXBuildFile; fileRef = BC6A777B28A53F7D00E0AD8D /* Assets.xcassets */; };
		BC6A777F28A53F7D00E0AD8D /* LaunchScreen.storyboard in Resources */ = {isa = PBXBuildFile; fileRef = BC6A777D28A53F7D00E0AD8D /* LaunchScreen.storyboard */; };
		BC6A779428A53F7E00E0AD8D /* MVP_TestsUITests.swift in Sources */ = {isa = PBXBuildFile; fileRef = BC6A779328A53F7E00E0AD8D /* MVP_TestsUITests.swift */; };
		BC6A779628A53F7E00E0AD8D /* MVP_TestsUITestsLaunchTests.swift in Sources */ = {isa = PBXBuildFile; fileRef = BC6A779528A53F7E00E0AD8D /* MVP_TestsUITestsLaunchTests.swift */; };
		BC6A77A328A53FC800E0AD8D /* InitialVC.swift in Sources */ = {isa = PBXBuildFile; fileRef = BC6A77A228A53FC800E0AD8D /* InitialVC.swift */; };
		BC6A77A528A54D6500E0AD8D /* InitialPresenter.swift in Sources */ = {isa = PBXBuildFile; fileRef = BC6A77A428A54D6500E0AD8D /* InitialPresenter.swift */; };
		BC6A77AD28A5523700E0AD8D /* Users.swift in Sources */ = {isa = PBXBuildFile; fileRef = BC6A77AC28A5523700E0AD8D /* Users.swift */; };
		BC6A77B028A55C8C00E0AD8D /* UIView+Ext.swift in Sources */ = {isa = PBXBuildFile; fileRef = BC6A77AF28A55C8C00E0AD8D /* UIView+Ext.swift */; };
		BC6A77B328A64E0700E0AD8D /* InitialCell.swift in Sources */ = {isa = PBXBuildFile; fileRef = BC6A77B228A64E0700E0AD8D /* InitialCell.swift */; };
		BC6A77B728A650F200E0AD8D /* CustomLabel.swift in Sources */ = {isa = PBXBuildFile; fileRef = BC6A77B628A650F200E0AD8D /* CustomLabel.swift */; };
		BC6A77BA28A7DC0200E0AD8D /* NetworkManager.swift in Sources */ = {isa = PBXBuildFile; fileRef = BC6A77B928A7DC0200E0AD8D /* NetworkManager.swift */; };
		BC6A77BD28A7EBCC00E0AD8D /* Constants.swift in Sources */ = {isa = PBXBuildFile; fileRef = BC6A77BC28A7EBCC00E0AD8D /* Constants.swift */; };
		BC6A77C028A80EED00E0AD8D /* InitialBuilder.swift in Sources */ = {isa = PBXBuildFile; fileRef = BC6A77BF28A80EED00E0AD8D /* InitialBuilder.swift */; };
		BC6A77C628A907C600E0AD8D /* InitialPresenterTests.swift in Sources */ = {isa = PBXBuildFile; fileRef = BC6A77C528A907C600E0AD8D /* InitialPresenterTests.swift */; };
		BC6A77C828A90A9000E0AD8D /* InitialVCMock.swift in Sources */ = {isa = PBXBuildFile; fileRef = BC6A77C728A90A9000E0AD8D /* InitialVCMock.swift */; };
		BC6A77CC28A9256200E0AD8D /* InitialVCTests.swift in Sources */ = {isa = PBXBuildFile; fileRef = BC6A77CB28A9256200E0AD8D /* InitialVCTests.swift */; };
/* End PBXBuildFile section */

/* Begin PBXContainerItemProxy section */
		BC6A778628A53F7D00E0AD8D /* PBXContainerItemProxy */ = {
			isa = PBXContainerItemProxy;
			containerPortal = BC6A776728A53F7900E0AD8D /* Project object */;
			proxyType = 1;
			remoteGlobalIDString = BC6A776E28A53F7A00E0AD8D;
			remoteInfo = "MVP+Tests";
		};
		BC6A779028A53F7D00E0AD8D /* PBXContainerItemProxy */ = {
			isa = PBXContainerItemProxy;
			containerPortal = BC6A776728A53F7900E0AD8D /* Project object */;
			proxyType = 1;
			remoteGlobalIDString = BC6A776E28A53F7A00E0AD8D;
			remoteInfo = "MVP+Tests";
		};
/* End PBXContainerItemProxy section */

/* Begin PBXFileReference section */
		BC6A776F28A53F7A00E0AD8D /* MVP+Tests.app */ = {isa = PBXFileReference; explicitFileType = wrapper.application; includeInIndex = 0; path = "MVP+Tests.app"; sourceTree = BUILT_PRODUCTS_DIR; };
		BC6A777228A53F7A00E0AD8D /* AppDelegate.swift */ = {isa = PBXFileReference; lastKnownFileType = sourcecode.swift; path = AppDelegate.swift; sourceTree = "<group>"; };
		BC6A777428A53F7A00E0AD8D /* SceneDelegate.swift */ = {isa = PBXFileReference; lastKnownFileType = sourcecode.swift; path = SceneDelegate.swift; sourceTree = "<group>"; };
		BC6A777B28A53F7D00E0AD8D /* Assets.xcassets */ = {isa = PBXFileReference; lastKnownFileType = folder.assetcatalog; path = Assets.xcassets; sourceTree = "<group>"; };
		BC6A777E28A53F7D00E0AD8D /* Base */ = {isa = PBXFileReference; lastKnownFileType = file.storyboard; name = Base; path = Base.lproj/LaunchScreen.storyboard; sourceTree = "<group>"; };
		BC6A778028A53F7D00E0AD8D /* Info.plist */ = {isa = PBXFileReference; lastKnownFileType = text.plist.xml; path = Info.plist; sourceTree = "<group>"; };
		BC6A778528A53F7D00E0AD8D /* MVP+TestsTests.xctest */ = {isa = PBXFileReference; explicitFileType = wrapper.cfbundle; includeInIndex = 0; path = "MVP+TestsTests.xctest"; sourceTree = BUILT_PRODUCTS_DIR; };
		BC6A778F28A53F7D00E0AD8D /* MVP+TestsUITests.xctest */ = {isa = PBXFileReference; explicitFileType = wrapper.cfbundle; includeInIndex = 0; path = "MVP+TestsUITests.xctest"; sourceTree = BUILT_PRODUCTS_DIR; };
		BC6A779328A53F7E00E0AD8D /* MVP_TestsUITests.swift */ = {isa = PBXFileReference; lastKnownFileType = sourcecode.swift; path = MVP_TestsUITests.swift; sourceTree = "<group>"; };
		BC6A779528A53F7E00E0AD8D /* MVP_TestsUITestsLaunchTests.swift */ = {isa = PBXFileReference; lastKnownFileType = sourcecode.swift; path = MVP_TestsUITestsLaunchTests.swift; sourceTree = "<group>"; };
		BC6A77A228A53FC800E0AD8D /* InitialVC.swift */ = {isa = PBXFileReference; lastKnownFileType = sourcecode.swift; path = InitialVC.swift; sourceTree = "<group>"; };
		BC6A77A428A54D6500E0AD8D /* InitialPresenter.swift */ = {isa = PBXFileReference; lastKnownFileType = sourcecode.swift; path = InitialPresenter.swift; sourceTree = "<group>"; };
		BC6A77AC28A5523700E0AD8D /* Users.swift */ = {isa = PBXFileReference; lastKnownFileType = sourcecode.swift; path = Users.swift; sourceTree = "<group>"; };
		BC6A77AF28A55C8C00E0AD8D /* UIView+Ext.swift */ = {isa = PBXFileReference; lastKnownFileType = sourcecode.swift; path = "UIView+Ext.swift"; sourceTree = "<group>"; };
		BC6A77B228A64E0700E0AD8D /* InitialCell.swift */ = {isa = PBXFileReference; lastKnownFileType = sourcecode.swift; path = InitialCell.swift; sourceTree = "<group>"; };
		BC6A77B628A650F200E0AD8D /* CustomLabel.swift */ = {isa = PBXFileReference; lastKnownFileType = sourcecode.swift; path = CustomLabel.swift; sourceTree = "<group>"; };
		BC6A77B928A7DC0200E0AD8D /* NetworkManager.swift */ = {isa = PBXFileReference; lastKnownFileType = sourcecode.swift; path = NetworkManager.swift; sourceTree = "<group>"; };
		BC6A77BC28A7EBCC00E0AD8D /* Constants.swift */ = {isa = PBXFileReference; lastKnownFileType = sourcecode.swift; path = Constants.swift; sourceTree = "<group>"; };
		BC6A77BF28A80EED00E0AD8D /* InitialBuilder.swift */ = {isa = PBXFileReference; lastKnownFileType = sourcecode.swift; path = InitialBuilder.swift; sourceTree = "<group>"; };
		BC6A77C528A907C600E0AD8D /* InitialPresenterTests.swift */ = {isa = PBXFileReference; lastKnownFileType = sourcecode.swift; path = InitialPresenterTests.swift; sourceTree = "<group>"; };
		BC6A77C728A90A9000E0AD8D /* InitialVCMock.swift */ = {isa = PBXFileReference; lastKnownFileType = sourcecode.swift; path = InitialVCMock.swift; sourceTree = "<group>"; };
		BC6A77CB28A9256200E0AD8D /* InitialVCTests.swift */ = {isa = PBXFileReference; lastKnownFileType = sourcecode.swift; path = InitialVCTests.swift; sourceTree = "<group>"; };
/* End PBXFileReference section */

/* Begin PBXFrameworksBuildPhase section */
		BC6A776C28A53F7A00E0AD8D /* Frameworks */ = {
			isa = PBXFrameworksBuildPhase;
			buildActionMask = 2147483647;
			files = (
			);
			runOnlyForDeploymentPostprocessing = 0;
		};
		BC6A778228A53F7D00E0AD8D /* Frameworks */ = {
			isa = PBXFrameworksBuildPhase;
			buildActionMask = 2147483647;
			files = (
			);
			runOnlyForDeploymentPostprocessing = 0;
		};
		BC6A778C28A53F7D00E0AD8D /* Frameworks */ = {
			isa = PBXFrameworksBuildPhase;
			buildActionMask = 2147483647;
			files = (
			);
			runOnlyForDeploymentPostprocessing = 0;
		};
/* End PBXFrameworksBuildPhase section */

/* Begin PBXGroup section */
		BC6A776628A53F7900E0AD8D = {
			isa = PBXGroup;
			children = (
				BC6A777128A53F7A00E0AD8D /* MVP+Tests */,
				BC6A778828A53F7D00E0AD8D /* MVP+TestsTests */,
				BC6A779228A53F7D00E0AD8D /* MVP+TestsUITests */,
				BC6A777028A53F7A00E0AD8D /* Products */,
			);
			sourceTree = "<group>";
		};
		BC6A777028A53F7A00E0AD8D /* Products */ = {
			isa = PBXGroup;
			children = (
				BC6A776F28A53F7A00E0AD8D /* MVP+Tests.app */,
				BC6A778528A53F7D00E0AD8D /* MVP+TestsTests.xctest */,
				BC6A778F28A53F7D00E0AD8D /* MVP+TestsUITests.xctest */,
			);
			name = Products;
			sourceTree = "<group>";
		};
		BC6A777128A53F7A00E0AD8D /* MVP+Tests */ = {
			isa = PBXGroup;
			children = (
				BC6A77BB28A7DC0800E0AD8D /* Managers */,
				BC6A77AE28A5523C00E0AD8D /* Models */,
				BC6A77A728A54D7C00E0AD8D /* Screens */,
				BC6A77B528A64E2F00E0AD8D /* Custom Views */,
				BC6A77A928A54DAA00E0AD8D /* Presenters */,
				BC6A77C128A812A300E0AD8D /* Builders */,
				BC6A77C428A8FEF500E0AD8D /* Mocks */,
				BC6A77B128A55C9300E0AD8D /* Extensions */,
				BC6A77BE28A7EBD400E0AD8D /* Constants */,
				BC6A77A828A54D9C00E0AD8D /* Support */,
				BC6A777B28A53F7D00E0AD8D /* Assets.xcassets */,
				BC6A777D28A53F7D00E0AD8D /* LaunchScreen.storyboard */,
				BC6A778028A53F7D00E0AD8D /* Info.plist */,
			);
			path = "MVP+Tests";
			sourceTree = "<group>";
		};
		BC6A778828A53F7D00E0AD8D /* MVP+TestsTests */ = {
			isa = PBXGroup;
			children = (
				BC6A77C528A907C600E0AD8D /* InitialPresenterTests.swift */,
				BC6A77CB28A9256200E0AD8D /* InitialVCTests.swift */,
			);
			path = "MVP+TestsTests";
			sourceTree = "<group>";
		};
		BC6A779228A53F7D00E0AD8D /* MVP+TestsUITests */ = {
			isa = PBXGroup;
			children = (
				BC6A779328A53F7E00E0AD8D /* MVP_TestsUITests.swift */,
				BC6A779528A53F7E00E0AD8D /* MVP_TestsUITestsLaunchTests.swift */,
			);
			path = "MVP+TestsUITests";
			sourceTree = "<group>";
		};
		BC6A77A728A54D7C00E0AD8D /* Screens */ = {
			isa = PBXGroup;
			children = (
				BC6A77A228A53FC800E0AD8D /* InitialVC.swift */,
			);
			path = Screens;
			sourceTree = "<group>";
		};
		BC6A77A828A54D9C00E0AD8D /* Support */ = {
			isa = PBXGroup;
			children = (
				BC6A777228A53F7A00E0AD8D /* AppDelegate.swift */,
				BC6A777428A53F7A00E0AD8D /* SceneDelegate.swift */,
			);
			path = Support;
			sourceTree = "<group>";
		};
		BC6A77A928A54DAA00E0AD8D /* Presenters */ = {
			isa = PBXGroup;
			children = (
				BC6A77A428A54D6500E0AD8D /* InitialPresenter.swift */,
			);
			path = Presenters;
			sourceTree = "<group>";
		};
		BC6A77AE28A5523C00E0AD8D /* Models */ = {
			isa = PBXGroup;
			children = (
				BC6A77AC28A5523700E0AD8D /* Users.swift */,
			);
			path = Models;
			sourceTree = "<group>";
		};
		BC6A77B128A55C9300E0AD8D /* Extensions */ = {
			isa = PBXGroup;
			children = (
				BC6A77AF28A55C8C00E0AD8D /* UIView+Ext.swift */,
			);
			path = Extensions;
			sourceTree = "<group>";
		};
		BC6A77B428A64E0E00E0AD8D /* Cells */ = {
			isa = PBXGroup;
			children = (
				BC6A77B228A64E0700E0AD8D /* InitialCell.swift */,
			);
			path = Cells;
			sourceTree = "<group>";
		};
		BC6A77B528A64E2F00E0AD8D /* Custom Views */ = {
			isa = PBXGroup;
			children = (
				BC6A77B828A650FF00E0AD8D /* UILabels */,
				BC6A77B428A64E0E00E0AD8D /* Cells */,
			);
			path = "Custom Views";
			sourceTree = "<group>";
		};
		BC6A77B828A650FF00E0AD8D /* UILabels */ = {
			isa = PBXGroup;
			children = (
				BC6A77B628A650F200E0AD8D /* CustomLabel.swift */,
			);
			name = UILabels;
			sourceTree = "<group>";
		};
		BC6A77BB28A7DC0800E0AD8D /* Managers */ = {
			isa = PBXGroup;
			children = (
				BC6A77B928A7DC0200E0AD8D /* NetworkManager.swift */,
			);
			path = Managers;
			sourceTree = "<group>";
		};
		BC6A77BE28A7EBD400E0AD8D /* Constants */ = {
			isa = PBXGroup;
			children = (
				BC6A77BC28A7EBCC00E0AD8D /* Constants.swift */,
			);
			path = Constants;
			sourceTree = "<group>";
		};
		BC6A77C128A812A300E0AD8D /* Builders */ = {
			isa = PBXGroup;
			children = (
				BC6A77BF28A80EED00E0AD8D /* InitialBuilder.swift */,
			);
			path = Builders;
			sourceTree = "<group>";
		};
		BC6A77C428A8FEF500E0AD8D /* Mocks */ = {
			isa = PBXGroup;
			children = (
				BC6A77C728A90A9000E0AD8D /* InitialVCMock.swift */,
			);
			path = Mocks;
			sourceTree = "<group>";
		};
/* End PBXGroup section */

/* Begin PBXNativeTarget section */
		BC6A776E28A53F7A00E0AD8D /* MVP+Tests */ = {
			isa = PBXNativeTarget;
			buildConfigurationList = BC6A779928A53F7E00E0AD8D /* Build configuration list for PBXNativeTarget "MVP+Tests" */;
			buildPhases = (
				BC6A776B28A53F7A00E0AD8D /* Sources */,
				BC6A776C28A53F7A00E0AD8D /* Frameworks */,
				BC6A776D28A53F7A00E0AD8D /* Resources */,
			);
			buildRules = (
			);
			dependencies = (
			);
			name = "MVP+Tests";
			productName = "MVP+Tests";
			productReference = BC6A776F28A53F7A00E0AD8D /* MVP+Tests.app */;
			productType = "com.apple.product-type.application";
		};
		BC6A778428A53F7D00E0AD8D /* MVP+TestsTests */ = {
			isa = PBXNativeTarget;
			buildConfigurationList = BC6A779C28A53F7E00E0AD8D /* Build configuration list for PBXNativeTarget "MVP+TestsTests" */;
			buildPhases = (
				BC6A778128A53F7D00E0AD8D /* Sources */,
				BC6A778228A53F7D00E0AD8D /* Frameworks */,
				BC6A778328A53F7D00E0AD8D /* Resources */,
			);
			buildRules = (
			);
			dependencies = (
				BC6A778728A53F7D00E0AD8D /* PBXTargetDependency */,
			);
			name = "MVP+TestsTests";
			productName = "MVP+TestsTests";
			productReference = BC6A778528A53F7D00E0AD8D /* MVP+TestsTests.xctest */;
			productType = "com.apple.product-type.bundle.unit-test";
		};
		BC6A778E28A53F7D00E0AD8D /* MVP+TestsUITests */ = {
			isa = PBXNativeTarget;
			buildConfigurationList = BC6A779F28A53F7E00E0AD8D /* Build configuration list for PBXNativeTarget "MVP+TestsUITests" */;
			buildPhases = (
				BC6A778B28A53F7D00E0AD8D /* Sources */,
				BC6A778C28A53F7D00E0AD8D /* Frameworks */,
				BC6A778D28A53F7D00E0AD8D /* Resources */,
			);
			buildRules = (
			);
			dependencies = (
				BC6A779128A53F7D00E0AD8D /* PBXTargetDependency */,
			);
			name = "MVP+TestsUITests";
			productName = "MVP+TestsUITests";
			productReference = BC6A778F28A53F7D00E0AD8D /* MVP+TestsUITests.xctest */;
			productType = "com.apple.product-type.bundle.ui-testing";
		};
/* End PBXNativeTarget section */

/* Begin PBXProject section */
		BC6A776728A53F7900E0AD8D /* Project object */ = {
			isa = PBXProject;
			attributes = {
				BuildIndependentTargetsInParallel = 1;
				LastSwiftUpdateCheck = 1340;
				LastUpgradeCheck = 1340;
				TargetAttributes = {
					BC6A776E28A53F7A00E0AD8D = {
						CreatedOnToolsVersion = 13.4.1;
					};
					BC6A778428A53F7D00E0AD8D = {
						CreatedOnToolsVersion = 13.4.1;
						TestTargetID = BC6A776E28A53F7A00E0AD8D;
					};
					BC6A778E28A53F7D00E0AD8D = {
						CreatedOnToolsVersion = 13.4.1;
						TestTargetID = BC6A776E28A53F7A00E0AD8D;
					};
				};
			};
			buildConfigurationList = BC6A776A28A53F7900E0AD8D /* Build configuration list for PBXProject "MVP+Tests" */;
			compatibilityVersion = "Xcode 13.0";
			developmentRegion = en;
			hasScannedForEncodings = 0;
			knownRegions = (
				en,
				Base,
			);
			mainGroup = BC6A776628A53F7900E0AD8D;
			productRefGroup = BC6A777028A53F7A00E0AD8D /* Products */;
			projectDirPath = "";
			projectRoot = "";
			targets = (
				BC6A776E28A53F7A00E0AD8D /* MVP+Tests */,
				BC6A778428A53F7D00E0AD8D /* MVP+TestsTests */,
				BC6A778E28A53F7D00E0AD8D /* MVP+TestsUITests */,
			);
		};
/* End PBXProject section */

/* Begin PBXResourcesBuildPhase section */
		BC6A776D28A53F7A00E0AD8D /* Resources */ = {
			isa = PBXResourcesBuildPhase;
			buildActionMask = 2147483647;
			files = (
				BC6A777F28A53F7D00E0AD8D /* LaunchScreen.storyboard in Resources */,
				BC6A777C28A53F7D00E0AD8D /* Assets.xcassets in Resources */,
			);
			runOnlyForDeploymentPostprocessing = 0;
		};
		BC6A778328A53F7D00E0AD8D /* Resources */ = {
			isa = PBXResourcesBuildPhase;
			buildActionMask = 2147483647;
			files = (
			);
			runOnlyForDeploymentPostprocessing = 0;
		};
		BC6A778D28A53F7D00E0AD8D /* Resources */ = {
			isa = PBXResourcesBuildPhase;
			buildActionMask = 2147483647;
			files = (
			);
			runOnlyForDeploymentPostprocessing = 0;
		};
/* End PBXResourcesBuildPhase section */

/* Begin PBXSourcesBuildPhase section */
		BC6A776B28A53F7A00E0AD8D /* Sources */ = {
			isa = PBXSourcesBuildPhase;
			buildActionMask = 2147483647;
			files = (
				BC6A77BA28A7DC0200E0AD8D /* NetworkManager.swift in Sources */,
				BC6A77C828A90A9000E0AD8D /* InitialVCMock.swift in Sources */,
				BC6A77A328A53FC800E0AD8D /* InitialVC.swift in Sources */,
				BC6A777328A53F7A00E0AD8D /* AppDelegate.swift in Sources */,
				BC6A77B028A55C8C00E0AD8D /* UIView+Ext.swift in Sources */,
				BC6A77AD28A5523700E0AD8D /* Users.swift in Sources */,
				BC6A77BD28A7EBCC00E0AD8D /* Constants.swift in Sources */,
				BC6A777528A53F7A00E0AD8D /* SceneDelegate.swift in Sources */,
				BC6A77A528A54D6500E0AD8D /* InitialPresenter.swift in Sources */,
				BC6A77B328A64E0700E0AD8D /* InitialCell.swift in Sources */,
				BC6A77C028A80EED00E0AD8D /* InitialBuilder.swift in Sources */,
				BC6A77B728A650F200E0AD8D /* CustomLabel.swift in Sources */,
			);
			runOnlyForDeploymentPostprocessing = 0;
		};
		BC6A778128A53F7D00E0AD8D /* Sources */ = {
			isa = PBXSourcesBuildPhase;
			buildActionMask = 2147483647;
			files = (
				BC6A77C628A907C600E0AD8D /* InitialPresenterTests.swift in Sources */,
				BC6A77CC28A9256200E0AD8D /* InitialVCTests.swift in Sources */,
			);
			runOnlyForDeploymentPostprocessing = 0;
		};
		BC6A778B28A53F7D00E0AD8D /* Sources */ = {
			isa = PBXSourcesBuildPhase;
			buildActionMask = 2147483647;
			files = (
				BC6A779628A53F7E00E0AD8D /* MVP_TestsUITestsLaunchTests.swift in Sources */,
				BC6A779428A53F7E00E0AD8D /* MVP_TestsUITests.swift in Sources */,
			);
			runOnlyForDeploymentPostprocessing = 0;
		};
/* End PBXSourcesBuildPhase section */

/* Begin PBXTargetDependency section */
		BC6A778728A53F7D00E0AD8D /* PBXTargetDependency */ = {
			isa = PBXTargetDependency;
			target = BC6A776E28A53F7A00E0AD8D /* MVP+Tests */;
			targetProxy = BC6A778628A53F7D00E0AD8D /* PBXContainerItemProxy */;
		};
		BC6A779128A53F7D00E0AD8D /* PBXTargetDependency */ = {
			isa = PBXTargetDependency;
			target = BC6A776E28A53F7A00E0AD8D /* MVP+Tests */;
			targetProxy = BC6A779028A53F7D00E0AD8D /* PBXContainerItemProxy */;
		};
/* End PBXTargetDependency section */

/* Begin PBXVariantGroup section */
		BC6A777D28A53F7D00E0AD8D /* LaunchScreen.storyboard */ = {
			isa = PBXVariantGroup;
			children = (
				BC6A777E28A53F7D00E0AD8D /* Base */,
			);
			name = LaunchScreen.storyboard;
			sourceTree = "<group>";
		};
/* End PBXVariantGroup section */

/* Begin XCBuildConfiguration section */
		BC6A779728A53F7E00E0AD8D /* Debug */ = {
			isa = XCBuildConfiguration;
			buildSettings = {
				ALWAYS_SEARCH_USER_PATHS = NO;
				CLANG_ANALYZER_NONNULL = YES;
				CLANG_ANALYZER_NUMBER_OBJECT_CONVERSION = YES_AGGRESSIVE;
				CLANG_CXX_LANGUAGE_STANDARD = "gnu++17";
				CLANG_ENABLE_MODULES = YES;
				CLANG_ENABLE_OBJC_ARC = YES;
				CLANG_ENABLE_OBJC_WEAK = YES;
				CLANG_WARN_BLOCK_CAPTURE_AUTORELEASING = YES;
				CLANG_WARN_BOOL_CONVERSION = YES;
				CLANG_WARN_COMMA = YES;
				CLANG_WARN_CONSTANT_CONVERSION = YES;
				CLANG_WARN_DEPRECATED_OBJC_IMPLEMENTATIONS = YES;
				CLANG_WARN_DIRECT_OBJC_ISA_USAGE = YES_ERROR;
				CLANG_WARN_DOCUMENTATION_COMMENTS = YES;
				CLANG_WARN_EMPTY_BODY = YES;
				CLANG_WARN_ENUM_CONVERSION = YES;
				CLANG_WARN_INFINITE_RECURSION = YES;
				CLANG_WARN_INT_CONVERSION = YES;
				CLANG_WARN_NON_LITERAL_NULL_CONVERSION = YES;
				CLANG_WARN_OBJC_IMPLICIT_RETAIN_SELF = YES;
				CLANG_WARN_OBJC_LITERAL_CONVERSION = YES;
				CLANG_WARN_OBJC_ROOT_CLASS = YES_ERROR;
				CLANG_WARN_QUOTED_INCLUDE_IN_FRAMEWORK_HEADER = YES;
				CLANG_WARN_RANGE_LOOP_ANALYSIS = YES;
				CLANG_WARN_STRICT_PROTOTYPES = YES;
				CLANG_WARN_SUSPICIOUS_MOVE = YES;
				CLANG_WARN_UNGUARDED_AVAILABILITY = YES_AGGRESSIVE;
				CLANG_WARN_UNREACHABLE_CODE = YES;
				CLANG_WARN__DUPLICATE_METHOD_MATCH = YES;
				COPY_PHASE_STRIP = NO;
				DEBUG_INFORMATION_FORMAT = dwarf;
				ENABLE_STRICT_OBJC_MSGSEND = YES;
				ENABLE_TESTABILITY = YES;
				GCC_C_LANGUAGE_STANDARD = gnu11;
				GCC_DYNAMIC_NO_PIC = NO;
				GCC_NO_COMMON_BLOCKS = YES;
				GCC_OPTIMIZATION_LEVEL = 0;
				GCC_PREPROCESSOR_DEFINITIONS = (
					"DEBUG=1",
					"$(inherited)",
				);
				GCC_WARN_64_TO_32_BIT_CONVERSION = YES;
				GCC_WARN_ABOUT_RETURN_TYPE = YES_ERROR;
				GCC_WARN_UNDECLARED_SELECTOR = YES;
				GCC_WARN_UNINITIALIZED_AUTOS = YES_AGGRESSIVE;
				GCC_WARN_UNUSED_FUNCTION = YES;
				GCC_WARN_UNUSED_VARIABLE = YES;
				IPHONEOS_DEPLOYMENT_TARGET = 15.5;
				MTL_ENABLE_DEBUG_INFO = INCLUDE_SOURCE;
				MTL_FAST_MATH = YES;
				ONLY_ACTIVE_ARCH = YES;
				SDKROOT = iphoneos;
				SWIFT_ACTIVE_COMPILATION_CONDITIONS = DEBUG;
				SWIFT_OPTIMIZATION_LEVEL = "-Onone";
			};
			name = Debug;
		};
		BC6A779828A53F7E00E0AD8D /* Release */ = {
			isa = XCBuildConfiguration;
			buildSettings = {
				ALWAYS_SEARCH_USER_PATHS = NO;
				CLANG_ANALYZER_NONNULL = YES;
				CLANG_ANALYZER_NUMBER_OBJECT_CONVERSION = YES_AGGRESSIVE;
				CLANG_CXX_LANGUAGE_STANDARD = "gnu++17";
				CLANG_ENABLE_MODULES = YES;
				CLANG_ENABLE_OBJC_ARC = YES;
				CLANG_ENABLE_OBJC_WEAK = YES;
				CLANG_WARN_BLOCK_CAPTURE_AUTORELEASING = YES;
				CLANG_WARN_BOOL_CONVERSION = YES;
				CLANG_WARN_COMMA = YES;
				CLANG_WARN_CONSTANT_CONVERSION = YES;
				CLANG_WARN_DEPRECATED_OBJC_IMPLEMENTATIONS = YES;
				CLANG_WARN_DIRECT_OBJC_ISA_USAGE = YES_ERROR;
				CLANG_WARN_DOCUMENTATION_COMMENTS = YES;
				CLANG_WARN_EMPTY_BODY = YES;
				CLANG_WARN_ENUM_CONVERSION = YES;
				CLANG_WARN_INFINITE_RECURSION = YES;
				CLANG_WARN_INT_CONVERSION = YES;
				CLANG_WARN_NON_LITERAL_NULL_CONVERSION = YES;
				CLANG_WARN_OBJC_IMPLICIT_RETAIN_SELF = YES;
				CLANG_WARN_OBJC_LITERAL_CONVERSION = YES;
				CLANG_WARN_OBJC_ROOT_CLASS = YES_ERROR;
				CLANG_WARN_QUOTED_INCLUDE_IN_FRAMEWORK_HEADER = YES;
				CLANG_WARN_RANGE_LOOP_ANALYSIS = YES;
				CLANG_WARN_STRICT_PROTOTYPES = YES;
				CLANG_WARN_SUSPICIOUS_MOVE = YES;
				CLANG_WARN_UNGUARDED_AVAILABILITY = YES_AGGRESSIVE;
				CLANG_WARN_UNREACHABLE_CODE = YES;
				CLANG_WARN__DUPLICATE_METHOD_MATCH = YES;
				COPY_PHASE_STRIP = NO;
				DEBUG_INFORMATION_FORMAT = "dwarf-with-dsym";
				ENABLE_NS_ASSERTIONS = NO;
				ENABLE_STRICT_OBJC_MSGSEND = YES;
				GCC_C_LANGUAGE_STANDARD = gnu11;
				GCC_NO_COMMON_BLOCKS = YES;
				GCC_WARN_64_TO_32_BIT_CONVERSION = YES;
				GCC_WARN_ABOUT_RETURN_TYPE = YES_ERROR;
				GCC_WARN_UNDECLARED_SELECTOR = YES;
				GCC_WARN_UNINITIALIZED_AUTOS = YES_AGGRESSIVE;
				GCC_WARN_UNUSED_FUNCTION = YES;
				GCC_WARN_UNUSED_VARIABLE = YES;
				IPHONEOS_DEPLOYMENT_TARGET = 15.5;
				MTL_ENABLE_DEBUG_INFO = NO;
				MTL_FAST_MATH = YES;
				SDKROOT = iphoneos;
				SWIFT_COMPILATION_MODE = wholemodule;
				SWIFT_OPTIMIZATION_LEVEL = "-O";
				VALIDATE_PRODUCT = YES;
			};
			name = Release;
		};
		BC6A779A28A53F7E00E0AD8D /* Debug */ = {
			isa = XCBuildConfiguration;
			buildSettings = {
				ASSETCATALOG_COMPILER_APPICON_NAME = AppIcon;
				ASSETCATALOG_COMPILER_GLOBAL_ACCENT_COLOR_NAME = AccentColor;
				CODE_SIGN_STYLE = Automatic;
				CURRENT_PROJECT_VERSION = 1;
				DEVELOPMENT_TEAM = K33FXWL25N;
				GENERATE_INFOPLIST_FILE = YES;
				INFOPLIST_FILE = "MVP+Tests/Info.plist";
				INFOPLIST_KEY_UIApplicationSupportsIndirectInputEvents = YES;
				INFOPLIST_KEY_UILaunchStoryboardName = LaunchScreen;
				INFOPLIST_KEY_UISupportedInterfaceOrientations_iPad = "UIInterfaceOrientationPortrait UIInterfaceOrientationPortraitUpsideDown UIInterfaceOrientationLandscapeLeft UIInterfaceOrientationLandscapeRight";
				INFOPLIST_KEY_UISupportedInterfaceOrientations_iPhone = "UIInterfaceOrientationPortrait UIInterfaceOrientationLandscapeLeft UIInterfaceOrientationLandscapeRight";
				LD_RUNPATH_SEARCH_PATHS = (
					"$(inherited)",
					"@executable_path/Frameworks",
				);
				MARKETING_VERSION = 1.0;
				PRODUCT_BUNDLE_IDENTIFIER = "com.anatolii.ostapenko.MVP-Tests";
				PRODUCT_NAME = "$(TARGET_NAME)";
				SWIFT_EMIT_LOC_STRINGS = YES;
				SWIFT_VERSION = 5.0;
				TARGETED_DEVICE_FAMILY = "1,2";
			};
			name = Debug;
		};
		BC6A779B28A53F7E00E0AD8D /* Release */ = {
			isa = XCBuildConfiguration;
			buildSettings = {
				ASSETCATALOG_COMPILER_APPICON_NAME = AppIcon;
				ASSETCATALOG_COMPILER_GLOBAL_ACCENT_COLOR_NAME = AccentColor;
				CODE_SIGN_STYLE = Automatic;
				CURRENT_PROJECT_VERSION = 1;
				DEVELOPMENT_TEAM = K33FXWL25N;
				GENERATE_INFOPLIST_FILE = YES;
				INFOPLIST_FILE = "MVP+Tests/Info.plist";
				INFOPLIST_KEY_UIApplicationSupportsIndirectInputEvents = YES;
				INFOPLIST_KEY_UILaunchStoryboardName = LaunchScreen;
				INFOPLIST_KEY_UISupportedInterfaceOrientations_iPad = "UIInterfaceOrientationPortrait UIInterfaceOrientationPortraitUpsideDown UIInterfaceOrientationLandscapeLeft UIInterfaceOrientationLandscapeRight";
				INFOPLIST_KEY_UISupportedInterfaceOrientations_iPhone = "UIInterfaceOrientationPortrait UIInterfaceOrientationLandscapeLeft UIInterfaceOrientationLandscapeRight";
				LD_RUNPATH_SEARCH_PATHS = (
					"$(inherited)",
					"@executable_path/Frameworks",
				);
				MARKETING_VERSION = 1.0;
				PRODUCT_BUNDLE_IDENTIFIER = "com.anatolii.ostapenko.MVP-Tests";
				PRODUCT_NAME = "$(TARGET_NAME)";
				SWIFT_EMIT_LOC_STRINGS = YES;
				SWIFT_VERSION = 5.0;
				TARGETED_DEVICE_FAMILY = "1,2";
			};
			name = Release;
		};
		BC6A779D28A53F7E00E0AD8D /* Debug */ = {
			isa = XCBuildConfiguration;
			buildSettings = {
				ALWAYS_EMBED_SWIFT_STANDARD_LIBRARIES = YES;
				BUNDLE_LOADER = "$(TEST_HOST)";
				CODE_SIGN_STYLE = Automatic;
				CURRENT_PROJECT_VERSION = 1;
				DEVELOPMENT_TEAM = K33FXWL25N;
				GENERATE_INFOPLIST_FILE = YES;
				IPHONEOS_DEPLOYMENT_TARGET = 15.5;
				MARKETING_VERSION = 1.0;
				PRODUCT_BUNDLE_IDENTIFIER = "com.anatolii.ostapenko.MVP-TestsTests";
				PRODUCT_NAME = "$(TARGET_NAME)";
				SWIFT_EMIT_LOC_STRINGS = NO;
				SWIFT_VERSION = 5.0;
				TARGETED_DEVICE_FAMILY = "1,2";
				TEST_HOST = "$(BUILT_PRODUCTS_DIR)/MVP+Tests.app/MVP+Tests";
			};
			name = Debug;
		};
		BC6A779E28A53F7E00E0AD8D /* Release */ = {
			isa = XCBuildConfiguration;
			buildSettings = {
				ALWAYS_EMBED_SWIFT_STANDARD_LIBRARIES = YES;
				BUNDLE_LOADER = "$(TEST_HOST)";
				CODE_SIGN_STYLE = Automatic;
				CURRENT_PROJECT_VERSION = 1;
				DEVELOPMENT_TEAM = K33FXWL25N;
				GENERATE_INFOPLIST_FILE = YES;
				IPHONEOS_DEPLOYMENT_TARGET = 15.5;
				MARKETING_VERSION = 1.0;
				PRODUCT_BUNDLE_IDENTIFIER = "com.anatolii.ostapenko.MVP-TestsTests";
				PRODUCT_NAME = "$(TARGET_NAME)";
				SWIFT_EMIT_LOC_STRINGS = NO;
				SWIFT_VERSION = 5.0;
				TARGETED_DEVICE_FAMILY = "1,2";
				TEST_HOST = "$(BUILT_PRODUCTS_DIR)/MVP+Tests.app/MVP+Tests";
			};
			name = Release;
		};
		BC6A77A028A53F7E00E0AD8D /* Debug */ = {
			isa = XCBuildConfiguration;
			buildSettings = {
				ALWAYS_EMBED_SWIFT_STANDARD_LIBRARIES = YES;
				CODE_SIGN_STYLE = Automatic;
				CURRENT_PROJECT_VERSION = 1;
				DEVELOPMENT_TEAM = K33FXWL25N;
				GENERATE_INFOPLIST_FILE = YES;
				MARKETING_VERSION = 1.0;
				PRODUCT_BUNDLE_IDENTIFIER = "com.anatolii.ostapenko.MVP-TestsUITests";
				PRODUCT_NAME = "$(TARGET_NAME)";
				SWIFT_EMIT_LOC_STRINGS = NO;
				SWIFT_VERSION = 5.0;
				TARGETED_DEVICE_FAMILY = "1,2";
				TEST_TARGET_NAME = "MVP+Tests";
			};
			name = Debug;
		};
		BC6A77A128A53F7E00E0AD8D /* Release */ = {
			isa = XCBuildConfiguration;
			buildSettings = {
				ALWAYS_EMBED_SWIFT_STANDARD_LIBRARIES = YES;
				CODE_SIGN_STYLE = Automatic;
				CURRENT_PROJECT_VERSION = 1;
				DEVELOPMENT_TEAM = K33FXWL25N;
				GENERATE_INFOPLIST_FILE = YES;
				MARKETING_VERSION = 1.0;
				PRODUCT_BUNDLE_IDENTIFIER = "com.anatolii.ostapenko.MVP-TestsUITests";
				PRODUCT_NAME = "$(TARGET_NAME)";
				SWIFT_EMIT_LOC_STRINGS = NO;
				SWIFT_VERSION = 5.0;
				TARGETED_DEVICE_FAMILY = "1,2";
				TEST_TARGET_NAME = "MVP+Tests";
			};
			name = Release;
		};
/* End XCBuildConfiguration section */

/* Begin XCConfigurationList section */
		BC6A776A28A53F7900E0AD8D /* Build configuration list for PBXProject "MVP+Tests" */ = {
			isa = XCConfigurationList;
			buildConfigurations = (
				BC6A779728A53F7E00E0AD8D /* Debug */,
				BC6A779828A53F7E00E0AD8D /* Release */,
			);
			defaultConfigurationIsVisible = 0;
			defaultConfigurationName = Release;
		};
		BC6A779928A53F7E00E0AD8D /* Build configuration list for PBXNativeTarget "MVP+Tests" */ = {
			isa = XCConfigurationList;
			buildConfigurations = (
				BC6A779A28A53F7E00E0AD8D /* Debug */,
				BC6A779B28A53F7E00E0AD8D /* Release */,
			);
			defaultConfigurationIsVisible = 0;
			defaultConfigurationName = Release;
		};
		BC6A779C28A53F7E00E0AD8D /* Build configuration list for PBXNativeTarget "MVP+TestsTests" */ = {
			isa = XCConfigurationList;
			buildConfigurations = (
				BC6A779D28A53F7E00E0AD8D /* Debug */,
				BC6A779E28A53F7E00E0AD8D /* Release */,
			);
			defaultConfigurationIsVisible = 0;
			defaultConfigurationName = Release;
		};
		BC6A779F28A53F7E00E0AD8D /* Build configuration list for PBXNativeTarget "MVP+TestsUITests" */ = {
			isa = XCConfigurationList;
			buildConfigurations = (
				BC6A77A028A53F7E00E0AD8D /* Debug */,
				BC6A77A128A53F7E00E0AD8D /* Release */,
			);
			defaultConfigurationIsVisible = 0;
			defaultConfigurationName = Release;
		};
/* End XCConfigurationList section */
	};
	rootObject = BC6A776728A53F7900E0AD8D /* Project object */;
}
